// !$*UTF8*$!
{
	archiveVersion = 1;
	classes = {
	};
	objectVersion = 77;
	objects = {

/* Begin PBXBuildFile section */
		000F8CAD1EC2675EC12494D4 /* AppEnvironment.swift in Sources */ = {isa = PBXBuildFile; fileRef = 82F38E1305B6594E6D75846C /* AppEnvironment.swift */; };
		00DF52A50452FAF496427FF6 /* APIClientTests.swift in Sources */ = {isa = PBXBuildFile; fileRef = 4F17AA614691A37719964E8C /* APIClientTests.swift */; };
		0327B5552B3DF4109E8EB577 /* AmbientBackground.swift in Sources */ = {isa = PBXBuildFile; fileRef = FE29F7FBACF3A6C80F478A2C /* AmbientBackground.swift */; };
		03E96037AD35FD7762FC7802 /* semesterOverview.json in Resources */ = {isa = PBXBuildFile; fileRef = CAA03C4DE7F2E78085D51CE6 /* semesterOverview.json */; };
		0447FD8D55E7B5ACCE53A3DA /* TodayViewModel.swift in Sources */ = {isa = PBXBuildFile; fileRef = AFA535A7CE55D9C5F93C7EAE /* TodayViewModel.swift */; };
		059C361742050BCF7E41487D /* CalendarLaneTests.swift in Sources */ = {isa = PBXBuildFile; fileRef = 0B400C6440D904C5BAA19BD2 /* CalendarLaneTests.swift */; };
		062B27EBBC96CD8BFBFCD115 /* PeriodGroupingTests.swift in Sources */ = {isa = PBXBuildFile; fileRef = 567745C3E0772E461B7A5C70 /* PeriodGroupingTests.swift */; };
		09702DBBD529364C4BC5CC2B /* department.json in Resources */ = {isa = PBXBuildFile; fileRef = 906D64C10A83261590BC8F41 /* department.json */; };
		099C56E7BE0D5D0782CF64A2 /* statsResponse.json in Resources */ = {isa = PBXBuildFile; fileRef = D77B49CE73129838A808041A /* statsResponse.json */; };
		0B756F4429C365FAEB55DD7D /* Color+Atender.swift in Sources */ = {isa = PBXBuildFile; fileRef = 7E6C88B5D8655E5F3B23AFA8 /* Color+Atender.swift */; };
		104EF81AC69634762509A549 /* BottomSheet.swift in Sources */ = {isa = PBXBuildFile; fileRef = 1A24A8C1959C4D4435E3EFFD /* BottomSheet.swift */; };
		115BC2E8919117232C10AC0D /* Radius.swift in Sources */ = {isa = PBXBuildFile; fileRef = 06CF492600752A538A3ACBF9 /* Radius.swift */; };
		1170BC5806249C189360EE02 /* AppleSignIn.swift in Sources */ = {isa = PBXBuildFile; fileRef = 3D662CF03BD81A2E6F1A5C71 /* AppleSignIn.swift */; };
		1352075BCDF0900698F46803 /* AuthStoreTests.swift in Sources */ = {isa = PBXBuildFile; fileRef = AA381FEAC92EC17871634239 /* AuthStoreTests.swift */; };
		14C1E8A3B751C49F6A960089 /* ScreenshotFlow.swift in Sources */ = {isa = PBXBuildFile; fileRef = E71CC09BB40AC92C94BF9C77 /* ScreenshotFlow.swift */; };
		191F2E8E6F8A1ADF1939AD7B /* SemesterOverviewView.swift in Sources */ = {isa = PBXBuildFile; fileRef = C18F2B99101B809D3C9A203E /* SemesterOverviewView.swift */; };
		19321EF888648C2B5335CDDB /* QueryClient.swift in Sources */ = {isa = PBXBuildFile; fileRef = 4561C9D201C4128FED2798B5 /* QueryClient.swift */; };
		1D6A18D466B5E636AFE24FEA /* TodayViewModelTests.swift in Sources */ = {isa = PBXBuildFile; fileRef = 4459ED8CAC26B8E0F1B2135D /* TodayViewModelTests.swift */; };
		1DDB2EA96B77A08404F54F1E /* APIEndpoint.swift in Sources */ = {isa = PBXBuildFile; fileRef = 8B67165AFB4B7A3A030C57E0 /* APIEndpoint.swift */; };
		1E0E3994D678CE8A20825332 /* Error+UserFacing.swift in Sources */ = {isa = PBXBuildFile; fileRef = 96354A41914EF086814257BE /* Error+UserFacing.swift */; };
		22249497BE34B2CD726120CA /* Shadow.swift in Sources */ = {isa = PBXBuildFile; fileRef = 61788D6C1D02EB48EA084795 /* Shadow.swift */; };
		227EC0C36771F226CBC0781B /* Enums.swift in Sources */ = {isa = PBXBuildFile; fileRef = FBA6EC6729BBC154D9DF7893 /* Enums.swift */; };
		23FD6EF05FE598D7504F4FDB /* room.json in Resources */ = {isa = PBXBuildFile; fileRef = A1830719A017DD89213B756E /* room.json */; };
		25DBB4FEC9A94BA7889178FB /* FriendsView.swift in Sources */ = {isa = PBXBuildFile; fileRef = 0AA7A46E43A839BAB965C84D /* FriendsView.swift */; };
		27D181E7974734C4874532E2 /* SemesterOverviewComponents.swift in Sources */ = {isa = PBXBuildFile; fileRef = 539AC50C23093CBB76899837 /* SemesterOverviewComponents.swift */; };
		2E1CA7F94A79C8DD8684CFAF /* TimetableSettingsSheet.swift in Sources */ = {isa = PBXBuildFile; fileRef = 1CB80AC5B344C4C329C33930 /* TimetableSettingsSheet.swift */; };
		333281021B97F75E0629EE33 /* Query.swift in Sources */ = {isa = PBXBuildFile; fileRef = 5D1B0E017AEF3EF9ED8A3E95 /* Query.swift */; };
		3596C5DC0A3331C1DD166C49 /* dayDetail.json in Resources */ = {isa = PBXBuildFile; fileRef = 2C079553935992B97CF655FA /* dayDetail.json */; };
		3637FFE857C20EC106FD21B5 /* FriendLogicTests.swift in Sources */ = {isa = PBXBuildFile; fileRef = 2BBF2B26BEAC2662548B9526 /* FriendLogicTests.swift */; };
		36D5829C00E5AADD9C33E9FB /* GoogleSignIn.swift in Sources */ = {isa = PBXBuildFile; fileRef = D9CC46C218FB9279EBCB8CEC /* GoogleSignIn.swift */; };
		3C6735BA0F7CD3D4EAA0D3EC /* dayDetailEmpty.json in Resources */ = {isa = PBXBuildFile; fileRef = F53CD177E90C3C3091C35E64 /* dayDetailEmpty.json */; };
		4011A83AA4D28A04A75E4658 /* APIClient.swift in Sources */ = {isa = PBXBuildFile; fileRef = F7B97B956D017B950AE52C29 /* APIClient.swift */; };
		41BF1DE3AF3E400FAA3E362A /* StatusDot.swift in Sources */ = {isa = PBXBuildFile; fileRef = 7013688D01ED1AC2D405982F /* StatusDot.swift */; };
		45D5DEF60B97B3563CD43587 /* RoomLogicTests.swift in Sources */ = {isa = PBXBuildFile; fileRef = E0236BCF61F3BF72EAD7ED4F /* RoomLogicTests.swift */; };
		466D0D06EA9B7606C1FA963F /* RoomDetailView.swift in Sources */ = {isa = PBXBuildFile; fileRef = 8325BCDCCD38FB023D515A6C /* RoomDetailView.swift */; };
		497D14F24D78FDD3F6A236C3 /* MainTabView.swift in Sources */ = {isa = PBXBuildFile; fileRef = DECB716EFB9F86E4D7BF8E03 /* MainTabView.swift */; };
		4D1C77785B340C94B8C93587 /* Panel.swift in Sources */ = {isa = PBXBuildFile; fileRef = 82CCF930FD2D166044AE501C /* Panel.swift */; };
		4DEF4B3CFBE24A6B1DCFA412 /* AuthView.swift in Sources */ = {isa = PBXBuildFile; fileRef = 3EC267E8E509847B09E99EBC /* AuthView.swift */; };
		554E63AA6D45F47AF543AC8B /* SelfTimetableView.swift in Sources */ = {isa = PBXBuildFile; fileRef = F7B18BBAB34C2418B29E305C /* SelfTimetableView.swift */; };
		55B69E4FA4C2677CC458833D /* CourseRepository.swift in Sources */ = {isa = PBXBuildFile; fileRef = 0969F6372BD54008FC999863 /* CourseRepository.swift */; };
		5844D43ABDB12070EC3C7F44 /* MeRepository.swift in Sources */ = {isa = PBXBuildFile; fileRef = 1D20A2141D633BF7DA54EA7F /* MeRepository.swift */; };
		5864A3E56C4C0413EF71E506 /* FriendLogic.swift in Sources */ = {isa = PBXBuildFile; fileRef = 41D3C76590E58CFB4FC235BC /* FriendLogic.swift */; };
		5B4BCCAD88D1DE38A65DCBCA /* CourseEditModal.swift in Sources */ = {isa = PBXBuildFile; fileRef = 54D777E1863FD03334E4B157 /* CourseEditModal.swift */; };
		5FF857EB9DDB4D6822127119 /* AuthStore.swift in Sources */ = {isa = PBXBuildFile; fileRef = 3CD52084318E0458AEA8A8B6 /* AuthStore.swift */; };
		600D13AE8054DB825F29E6D9 /* NotoSansJP-VariableFont_wght.ttf in Resources */ = {isa = PBXBuildFile; fileRef = C3FE45BC52B3B0AF5D3F7D5C /* NotoSansJP-VariableFont_wght.ttf */; };
		6016D8FCE2A13296114D1420 /* FullScreenModal.swift in Sources */ = {isa = PBXBuildFile; fileRef = 8DBD870A5252F58139C86DE0 /* FullScreenModal.swift */; };
		606CB85A1C5D5CFC8E3DD179 /* DTOs.swift in Sources */ = {isa = PBXBuildFile; fileRef = 73470ED7672F03B4B6907196 /* DTOs.swift */; };
		6116A81611AE4DA1470B0E98 /* InvalidationMatrix.swift in Sources */ = {isa = PBXBuildFile; fileRef = 58BD6B6B4E592A456E19B60E /* InvalidationMatrix.swift */; };
		6167C1FAD84F9C73A39EDFCB /* AttendanceOptimistic.swift in Sources */ = {isa = PBXBuildFile; fileRef = E0E5C54CB4060E325F7882A2 /* AttendanceOptimistic.swift */; };
		63ACA7CFBFFAA79FF6344A1B /* RootView.swift in Sources */ = {isa = PBXBuildFile; fileRef = 2FCEC5BF722DA44ED1DEB05E /* RootView.swift */; };
		6416BBF55930FFEE428F5373 /* RoomRepositories.swift in Sources */ = {isa = PBXBuildFile; fileRef = 19E17036AA437942C36B4E85 /* RoomRepositories.swift */; };
		64AB3BA9C4A91644D343420D /* Inter-SemiBold.ttf in Resources */ = {isa = PBXBuildFile; fileRef = D9A1833B2CF8340C0F3CBBDD /* Inter-SemiBold.ttf */; };
		66BA8D5060242AD19D7D3350 /* PersonalCalendar.swift in Sources */ = {isa = PBXBuildFile; fileRef = EA9996CC30CE6290D2BE2C24 /* PersonalCalendar.swift */; };
		677B189B5C2F62FF7820DBE9 /* Inter-Medium.ttf in Resources */ = {isa = PBXBuildFile; fileRef = F2956E4A92BA278B35E684C6 /* Inter-Medium.ttf */; };
		69E272A7AFE579D290A3A899 /* BulkAndPersonalEventSheets.swift in Sources */ = {isa = PBXBuildFile; fileRef = 3E0B34C7452100ADD07D3646 /* BulkAndPersonalEventSheets.swift */; };
		6C3471B96A75ADD281B4A404 /* APIConfig.swift in Sources */ = {isa = PBXBuildFile; fileRef = 6ED9EED39711A335BD04CE7A /* APIConfig.swift */; };
		6DC4A939B102A5A9FEF8F8B0 /* TimetableLogic.swift in Sources */ = {isa = PBXBuildFile; fileRef = 0F29845C441C1E2999B863E3 /* TimetableLogic.swift */; };
		6FE20590EA8244E0360B3D3D /* KeychainStore.swift in Sources */ = {isa = PBXBuildFile; fileRef = 658450DB41372B75A43E0294 /* KeychainStore.swift */; };
		71ED6461CC0421B88197C9D5 /* personalEvent.json in Resources */ = {isa = PBXBuildFile; fileRef = 635E8F6B1D01773E29848531 /* personalEvent.json */; };
		7470BF6FE0DF72E444A01944 /* RoomLogic.swift in Sources */ = {isa = PBXBuildFile; fileRef = 92156BDDD77FE3F51BAAAC99 /* RoomLogic.swift */; };
		788F6E50DCC9C42432929B8D /* timetableSuspension.json in Resources */ = {isa = PBXBuildFile; fileRef = 30B931C3F5F6D3DDC7F1B32A /* timetableSuspension.json */; };
		78DB0C296292BC7D912F1E7C /* ConfirmDialog.swift in Sources */ = {isa = PBXBuildFile; fileRef = C05C5180C5838017015D293B /* ConfirmDialog.swift */; };
		7A3AB2F3CE38FF687A324133 /* Inter-Bold.ttf in Resources */ = {isa = PBXBuildFile; fileRef = 093F3D51376F7845C4A57971 /* Inter-Bold.ttf */; };
		7B3A7ED509FFFA20C89BC395 /* InvalidationMatrixPhaseDTests.swift in Sources */ = {isa = PBXBuildFile; fileRef = E56940DADCBDC968A5D4E7E9 /* InvalidationMatrixPhaseDTests.swift */; };
		7C5CEE8E866B2910F18399CF /* DayDetailSheet.swift in Sources */ = {isa = PBXBuildFile; fileRef = 71519A759E22A6E689C7A7A7 /* DayDetailSheet.swift */; };
		7C7F0ED27F2D3F53CF83E69C /* DesignTokenTests.swift in Sources */ = {isa = PBXBuildFile; fileRef = 0BAEE0133D4B5E9D8C9119CC /* DesignTokenTests.swift */; };
		7EF23456F2A571F4ADD4CD0A /* SemesterOverviewDisplayLogicTests.swift in Sources */ = {isa = PBXBuildFile; fileRef = 8AEEACC6FAE82768F83CAAC2 /* SemesterOverviewDisplayLogicTests.swift */; };
		7F8D5E39D0F09321D05FE16A /* me.json in Resources */ = {isa = PBXBuildFile; fileRef = F57B32791B937CB743326B52 /* me.json */; };
		80EB26C902FDE4F05D236252 /* userTimetables.json in Resources */ = {isa = PBXBuildFile; fileRef = C6ABA9B777954F9E44DC2327 /* userTimetables.json */; };
		83851FD9C709A9C65BBB7097 /* errorResponse.json in Resources */ = {isa = PBXBuildFile; fileRef = B8108DB67DD938047120CD20 /* errorResponse.json */; };
		839023B01A0EA4EFD790BE40 /* HomeCore.swift in Sources */ = {isa = PBXBuildFile; fileRef = 969F0AE4FB0D6EB2E1F363D7 /* HomeCore.swift */; };
		8650C64FBBA53CC4FA673290 /* attendanceRule.json in Resources */ = {isa = PBXBuildFile; fileRef = C409F12655753FA22B9FAA25 /* attendanceRule.json */; };
		86FD7AA12BC2DC79CD71CFC4 /* TodayView.swift in Sources */ = {isa = PBXBuildFile; fileRef = 55546AF3CBFD1EDF9F470BD5 /* TodayView.swift */; };
		88AFB3048330EBB85F59F87E /* friendship.json in Resources */ = {isa = PBXBuildFile; fileRef = 75AF36A364A705E7F9AB459B /* friendship.json */; };
		897440663AC664C81F3CAA71 /* Repositories.swift in Sources */ = {isa = PBXBuildFile; fileRef = 41273B29C4C3337E208C2710 /* Repositories.swift */; };
		8C14CAA2B35F52E8CF5A4670 /* KeychainStoreTests.swift in Sources */ = {isa = PBXBuildFile; fileRef = 836299631DD36EA914ACC5EC /* KeychainStoreTests.swift */; };
		8E88FC901803349F83B82BE8 /* AttendanceOptimisticTests.swift in Sources */ = {isa = PBXBuildFile; fileRef = 819976DEDC996292C71AD231 /* AttendanceOptimisticTests.swift */; };
		90FBDE3C626B66FD8A25887B /* NavigationTests.swift in Sources */ = {isa = PBXBuildFile; fileRef = BD36B6CAAED53F088B6CE467 /* NavigationTests.swift */; };
		91DE63AF45C218AAFD01608B /* Skeleton.swift in Sources */ = {isa = PBXBuildFile; fileRef = BE7A51D99268836FF86B6718 /* Skeleton.swift */; };
		92E2140A13767F8671B8577A /* Inter-Regular.ttf in Resources */ = {isa = PBXBuildFile; fileRef = EAC6C9AA67EF9F61229C0954 /* Inter-Regular.ttf */; };
		9378D7EDB212155A7DDE2102 /* AtenderButton.swift in Sources */ = {isa = PBXBuildFile; fileRef = 25ED159BA849DB2D616341A4 /* AtenderButton.swift */; };
		93B84FC4ADFB84AB581F8FE8 /* RoomSheets.swift in Sources */ = {isa = PBXBuildFile; fileRef = AEEEEBB4F0FDE0FD458160C4 /* RoomSheets.swift */; };
		95B42E50804056704133EC3D /* ModelSync.md in Resources */ = {isa = PBXBuildFile; fileRef = 70DA82CEAE614300F95AA944 /* ModelSync.md */; };
		970ABFACBD8A3291947C313A /* Typography.swift in Sources */ = {isa = PBXBuildFile; fileRef = 805551291DFFB877417CF9AE /* Typography.swift */; };
		9739C040E531332734F800D8 /* RoomsView.swift in Sources */ = {isa = PBXBuildFile; fileRef = CFFB764930F10314165F696C /* RoomsView.swift */; };
		9AF365ABA2929AC866754E05 /* BackHeaderButton.swift in Sources */ = {isa = PBXBuildFile; fileRef = 7C5248CAD0EB76E7E620DD25 /* BackHeaderButton.swift */; };
		A0F9E651930A9F16BBCB6775 /* CalendarRangeTests.swift in Sources */ = {isa = PBXBuildFile; fileRef = C171571049FAF9AE7886F025 /* CalendarRangeTests.swift */; };
		A0FF9FFA456505A155140AD7 /* template.json in Resources */ = {isa = PBXBuildFile; fileRef = 2C13EC0CF821F3870D0E28AC /* template.json */; };
		A148A3DD04B91F51E7E0EEF5 /* QueryKey.swift in Sources */ = {isa = PBXBuildFile; fileRef = 69209D504085F39AAE82171A /* QueryKey.swift */; };
		A2692C86E6F4DD03DAE8694A /* SmokeTests.swift in Sources */ = {isa = PBXBuildFile; fileRef = D1A3ABAEE5BF9ECC900F4899 /* SmokeTests.swift */; };
		A3B937473E036EA27CA620D0 /* View+Conditional.swift in Sources */ = {isa = PBXBuildFile; fileRef = 4FEC355AB793AB3A67830749 /* View+Conditional.swift */; };
		A827A209EC8D920BBD4D1258 /* school.json in Resources */ = {isa = PBXBuildFile; fileRef = 70009CD98D1F556205250A29 /* school.json */; };
		A84CAF37140527F110180739 /* SelfTimetableViewModelTests.swift in Sources */ = {isa = PBXBuildFile; fileRef = 5F3E27E92977B661270F973D /* SelfTimetableViewModelTests.swift */; };
		ABB793E87169CA767848E883 /* Space.swift in Sources */ = {isa = PBXBuildFile; fileRef = 1C08D6F5D0436E34DFB893A7 /* Space.swift */; };
		AC98C4C558FC0F147E83DC84 /* DTODecodingTests.swift in Sources */ = {isa = PBXBuildFile; fileRef = EF0EC02F88F72059608DDE10 /* DTODecodingTests.swift */; };
		ADCEBFEC9B60D56B79B07C73 /* Toast.swift in Sources */ = {isa = PBXBuildFile; fileRef = C23EC2A2F0A9B6DE7B44AB14 /* Toast.swift */; };
		AEC97CB4A298C24184063293 /* OccurrenceRow.swift in Sources */ = {isa = PBXBuildFile; fileRef = 309FA265636751B8C6C07BC0 /* OccurrenceRow.swift */; };
		B3DC1FDD195248BDD38DA196 /* AppRouter.swift in Sources */ = {isa = PBXBuildFile; fileRef = D7213E526B071239860F7C01 /* AppRouter.swift */; };
		B9A6B950C3EC361B5FA672CE /* TemplatesView.swift in Sources */ = {isa = PBXBuildFile; fileRef = 0B395756D234F99DDC72232E /* TemplatesView.swift */; };
		BCBB61BCDDB559C2FF383EC4 /* MeetingSheets.swift in Sources */ = {isa = PBXBuildFile; fileRef = DCAA599C807F961996F40669 /* MeetingSheets.swift */; };
		BFEB89A51524F2BB11F4BAB2 /* APIError.swift in Sources */ = {isa = PBXBuildFile; fileRef = BD092C02EA4CD0CED22FBB19 /* APIError.swift */; };
		C15B16D71977D8977BB8A540 /* DeepLinkTests.swift in Sources */ = {isa = PBXBuildFile; fileRef = 8A8B5B88A91DBAC9526AD660 /* DeepLinkTests.swift */; };
		C372DA5F44DDB6EBE867EAA2 /* Chip.swift in Sources */ = {isa = PBXBuildFile; fileRef = EBEB852E957E4C97E97E9A5A /* Chip.swift */; };
		C4001AF40AE6C017F7AAAAA9 /* Assets.xcassets in Resources */ = {isa = PBXBuildFile; fileRef = C51A60D13CCFB9AD0F2CAD82 /* Assets.xcassets */; };
		C49F25286B4E68BFD47D5925 /* TimetableGridPhaseB.swift in Sources */ = {isa = PBXBuildFile; fileRef = 7ABDD80CD28696BD17849D8A /* TimetableGridPhaseB.swift */; };
		C54C9CB86E3162210979EA3B /* AttendanceFlowTests.swift in Sources */ = {isa = PBXBuildFile; fileRef = 49C741304579139AFC67AEED /* AttendanceFlowTests.swift */; };
		C57E6CBB3196969BD8651852 /* CourseDetailModal.swift in Sources */ = {isa = PBXBuildFile; fileRef = A311AC01ED9081DF030C0A40 /* CourseDetailModal.swift */; };
		C6B1BFEC628E53E0F6FBC5C0 /* PlaceholderViews.swift in Sources */ = {isa = PBXBuildFile; fileRef = D88AA75BDAF9E59591CBA86B /* PlaceholderViews.swift */; };
		C6DCB01221DD7D337D4CD418 /* userTimetable.json in Resources */ = {isa = PBXBuildFile; fileRef = 21E93B41B6FC741D73169F66 /* userTimetable.json */; };
		CB44666D5BEB206779AF0DB2 /* TimetableCoalesceTests.swift in Sources */ = {isa = PBXBuildFile; fileRef = 364C818185FC6D41FC11436F /* TimetableCoalesceTests.swift */; };
		CEA3498C501EFC0C4155AD22 /* DeepLink.swift in Sources */ = {isa = PBXBuildFile; fileRef = CDC93555890F2A9A707643EC /* DeepLink.swift */; };
		D0470931136B5931B5378DC0 /* today.json in Resources */ = {isa = PBXBuildFile; fileRef = E2A75B3BA5E52CFF54AF17CB /* today.json */; };
		D1524B4029E6498FF58B0537 /* Inter-Black.ttf in Resources */ = {isa = PBXBuildFile; fileRef = C6F5C65A87B6A24571CDEC43 /* Inter-Black.ttf */; };
		D4C571F308D7B1B06A41D7A9 /* QueryCacheTests.swift in Sources */ = {isa = PBXBuildFile; fileRef = 6C0D695AE23C44220A411212 /* QueryCacheTests.swift */; };
		D6E2BC23D4AD421BEA54093C /* SelfTodayCTA.swift in Sources */ = {isa = PBXBuildFile; fileRef = 2DF7ADC94939F7E83511B333 /* SelfTodayCTA.swift */; };
		D754F7A919785D96027BB033 /* SemesterOverviewViewModel.swift in Sources */ = {isa = PBXBuildFile; fileRef = 6DFCBAA8C206598378140CF0 /* SemesterOverviewViewModel.swift */; };
		DF1697585120FB001735A1EF /* DayConventionTests.swift in Sources */ = {isa = PBXBuildFile; fileRef = 00C8A17EB915F333EB02E29C /* DayConventionTests.swift */; };
		E3CB22605BAC332E0061D5A8 /* MeetingExpansionTests.swift in Sources */ = {isa = PBXBuildFile; fileRef = 90A4AD77319A144A80D51838 /* MeetingExpansionTests.swift */; };
		E83E817D2623AA87AE1E7F86 /* SettingsView.swift in Sources */ = {isa = PBXBuildFile; fileRef = 8770F92C47DD0EC0F3444D5D /* SettingsView.swift */; };
		EB1CE3F61F3612D24F67C1E3 /* EmptyState.swift in Sources */ = {isa = PBXBuildFile; fileRef = 0219357DC5D40255EB0127F4 /* EmptyState.swift */; };
		EB4EC20097639FE9FA632959 /* courseStats.json in Resources */ = {isa = PBXBuildFile; fileRef = 72BBF5C3B9425FC5DE7F8350 /* courseStats.json */; };
		EBD3C40773E42B8B40E95C55 /* AtenderApp.swift in Sources */ = {isa = PBXBuildFile; fileRef = 32BCCF2DC4BA83E0E8030C7E /* AtenderApp.swift */; };
		ECF0E5019F3AF4DA7ED767B1 /* PeriodChips.swift in Sources */ = {isa = PBXBuildFile; fileRef = 1BCD033818AF2AEC5CF09C02 /* PeriodChips.swift */; };
		EECFED294E0214316018E541 /* roomSummary.json in Resources */ = {isa = PBXBuildFile; fileRef = AC78DDCEAAA553794876860D /* roomSummary.json */; };
		EFEF94CCE4F87AB0FE161FA7 /* SemesterLogicTests.swift in Sources */ = {isa = PBXBuildFile; fileRef = 18A8D2BA38DA5164644FFF2D /* SemesterLogicTests.swift */; };
		F081906D47797709F99A3763 /* roomWeek.json in Resources */ = {isa = PBXBuildFile; fileRef = F54EF63887E2E4E8F24861D1 /* roomWeek.json */; };
		F0E76D8B446B530F6D3B8F5D /* BottomTabBar.swift in Sources */ = {isa = PBXBuildFile; fileRef = 87136901C644817D886771CB /* BottomTabBar.swift */; };
		F2D5C38F549D5C2F8AF57786 /* DTODecodingPhaseBTests.swift in Sources */ = {isa = PBXBuildFile; fileRef = 7A317F2FADAC6E64B0A781A1 /* DTODecodingPhaseBTests.swift */; };
		F5E1755AA692AF9A96D7E756 /* CalendarEventDisplayTests.swift in Sources */ = {isa = PBXBuildFile; fileRef = 61F5FEB219F50B6DA7A46B52 /* CalendarEventDisplayTests.swift */; };
		F7100F06413272459F9A29BB /* SemesterLogic.swift in Sources */ = {isa = PBXBuildFile; fileRef = 8663A60CE3A396E8662825E1 /* SemesterLogic.swift */; };
		F8AD4D7681881919F3A177AE /* courseSuspension.json in Resources */ = {isa = PBXBuildFile; fileRef = 4CFCEF848D4A987CB2932B70 /* courseSuspension.json */; };
		FDB1EADF225E9214AC644840 /* DayRepository.swift in Sources */ = {isa = PBXBuildFile; fileRef = 9E877951DB9A4B6E8475BBA0 /* DayRepository.swift */; };
		FF2AFC7E13A976FDEF9170F7 /* Theme.swift in Sources */ = {isa = PBXBuildFile; fileRef = 52422D6892F5F22F5FBA88AC /* Theme.swift */; };
		FF6A3DEE3B6F8BAD7AB46ED1 /* effectiveRule.json in Resources */ = {isa = PBXBuildFile; fileRef = 9C7C9C21BF5DBEB9439DAAA4 /* effectiveRule.json */; };
/* End PBXBuildFile section */

/* Begin PBXContainerItemProxy section */
		043777DDEC78DFE5CAAAD243 /* PBXContainerItemProxy */ = {
			isa = PBXContainerItemProxy;
			containerPortal = F73488109D3F7288A07C1286 /* Project object */;
			proxyType = 1;
			remoteGlobalIDString = 6ECD16E52BA6B8D5336086A6;
			remoteInfo = Atender;
		};
		1CB116D67B1571814EE1E9F1 /* PBXContainerItemProxy */ = {
			isa = PBXContainerItemProxy;
			containerPortal = F73488109D3F7288A07C1286 /* Project object */;
			proxyType = 1;
			remoteGlobalIDString = 6ECD16E52BA6B8D5336086A6;
			remoteInfo = Atender;
		};
/* End PBXContainerItemProxy section */

/* Begin PBXFileReference section */
		00C8A17EB915F333EB02E29C /* DayConventionTests.swift */ = {isa = PBXFileReference; lastKnownFileType = sourcecode.swift; path = DayConventionTests.swift; sourceTree = "<group>"; };
		0219357DC5D40255EB0127F4 /* EmptyState.swift */ = {isa = PBXFileReference; lastKnownFileType = sourcecode.swift; path = EmptyState.swift; sourceTree = "<group>"; };
		06CF492600752A538A3ACBF9 /* Radius.swift */ = {isa = PBXFileReference; lastKnownFileType = sourcecode.swift; path = Radius.swift; sourceTree = "<group>"; };
		07977A42C53BC40CA5FDE865 /* Atender.entitlements */ = {isa = PBXFileReference; lastKnownFileType = text.plist.entitlements; path = Atender.entitlements; sourceTree = "<group>"; };
		093F3D51376F7845C4A57971 /* Inter-Bold.ttf */ = {isa = PBXFileReference; lastKnownFileType = file; path = "Inter-Bold.ttf"; sourceTree = "<group>"; };
		0969F6372BD54008FC999863 /* CourseRepository.swift */ = {isa = PBXFileReference; lastKnownFileType = sourcecode.swift; path = CourseRepository.swift; sourceTree = "<group>"; };
		0AA7A46E43A839BAB965C84D /* FriendsView.swift */ = {isa = PBXFileReference; lastKnownFileType = sourcecode.swift; path = FriendsView.swift; sourceTree = "<group>"; };
		0B395756D234F99DDC72232E /* TemplatesView.swift */ = {isa = PBXFileReference; lastKnownFileType = sourcecode.swift; path = TemplatesView.swift; sourceTree = "<group>"; };
		0B400C6440D904C5BAA19BD2 /* CalendarLaneTests.swift */ = {isa = PBXFileReference; lastKnownFileType = sourcecode.swift; path = CalendarLaneTests.swift; sourceTree = "<group>"; };
		0BAEE0133D4B5E9D8C9119CC /* DesignTokenTests.swift */ = {isa = PBXFileReference; lastKnownFileType = sourcecode.swift; path = DesignTokenTests.swift; sourceTree = "<group>"; };
		0F29845C441C1E2999B863E3 /* TimetableLogic.swift */ = {isa = PBXFileReference; lastKnownFileType = sourcecode.swift; path = TimetableLogic.swift; sourceTree = "<group>"; };
		17960E6CCBC01FE299C843E9 /* Info.plist */ = {isa = PBXFileReference; lastKnownFileType = text.plist; path = Info.plist; sourceTree = "<group>"; };
		18A8D2BA38DA5164644FFF2D /* SemesterLogicTests.swift */ = {isa = PBXFileReference; lastKnownFileType = sourcecode.swift; path = SemesterLogicTests.swift; sourceTree = "<group>"; };
		19E17036AA437942C36B4E85 /* RoomRepositories.swift */ = {isa = PBXFileReference; lastKnownFileType = sourcecode.swift; path = RoomRepositories.swift; sourceTree = "<group>"; };
		1A24A8C1959C4D4435E3EFFD /* BottomSheet.swift */ = {isa = PBXFileReference; lastKnownFileType = sourcecode.swift; path = BottomSheet.swift; sourceTree = "<group>"; };
		1BCD033818AF2AEC5CF09C02 /* PeriodChips.swift */ = {isa = PBXFileReference; lastKnownFileType = sourcecode.swift; path = PeriodChips.swift; sourceTree = "<group>"; };
		1C08D6F5D0436E34DFB893A7 /* Space.swift */ = {isa = PBXFileReference; lastKnownFileType = sourcecode.swift; path = Space.swift; sourceTree = "<group>"; };
		1CB80AC5B344C4C329C33930 /* TimetableSettingsSheet.swift */ = {isa = PBXFileReference; lastKnownFileType = sourcecode.swift; path = TimetableSettingsSheet.swift; sourceTree = "<group>"; };
		1D20A2141D633BF7DA54EA7F /* MeRepository.swift */ = {isa = PBXFileReference; lastKnownFileType = sourcecode.swift; path = MeRepository.swift; sourceTree = "<group>"; };
		21E93B41B6FC741D73169F66 /* userTimetable.json */ = {isa = PBXFileReference; lastKnownFileType = text.json; path = userTimetable.json; sourceTree = "<group>"; };
		25ED159BA849DB2D616341A4 /* AtenderButton.swift */ = {isa = PBXFileReference; lastKnownFileType = sourcecode.swift; path = AtenderButton.swift; sourceTree = "<group>"; };
		2BBF2B26BEAC2662548B9526 /* FriendLogicTests.swift */ = {isa = PBXFileReference; lastKnownFileType = sourcecode.swift; path = FriendLogicTests.swift; sourceTree = "<group>"; };
		2C079553935992B97CF655FA /* dayDetail.json */ = {isa = PBXFileReference; lastKnownFileType = text.json; path = dayDetail.json; sourceTree = "<group>"; };
		2C13EC0CF821F3870D0E28AC /* template.json */ = {isa = PBXFileReference; lastKnownFileType = text.json; path = template.json; sourceTree = "<group>"; };
		2DF7ADC94939F7E83511B333 /* SelfTodayCTA.swift */ = {isa = PBXFileReference; lastKnownFileType = sourcecode.swift; path = SelfTodayCTA.swift; sourceTree = "<group>"; };
		2FCEC5BF722DA44ED1DEB05E /* RootView.swift */ = {isa = PBXFileReference; lastKnownFileType = sourcecode.swift; path = RootView.swift; sourceTree = "<group>"; };
		309FA265636751B8C6C07BC0 /* OccurrenceRow.swift */ = {isa = PBXFileReference; lastKnownFileType = sourcecode.swift; path = OccurrenceRow.swift; sourceTree = "<group>"; };
		30B931C3F5F6D3DDC7F1B32A /* timetableSuspension.json */ = {isa = PBXFileReference; lastKnownFileType = text.json; path = timetableSuspension.json; sourceTree = "<group>"; };
		32BCCF2DC4BA83E0E8030C7E /* AtenderApp.swift */ = {isa = PBXFileReference; lastKnownFileType = sourcecode.swift; path = AtenderApp.swift; sourceTree = "<group>"; };
		364C818185FC6D41FC11436F /* TimetableCoalesceTests.swift */ = {isa = PBXFileReference; lastKnownFileType = sourcecode.swift; path = TimetableCoalesceTests.swift; sourceTree = "<group>"; };
		3CD52084318E0458AEA8A8B6 /* AuthStore.swift */ = {isa = PBXFileReference; lastKnownFileType = sourcecode.swift; path = AuthStore.swift; sourceTree = "<group>"; };
		3D662CF03BD81A2E6F1A5C71 /* AppleSignIn.swift */ = {isa = PBXFileReference; lastKnownFileType = sourcecode.swift; path = AppleSignIn.swift; sourceTree = "<group>"; };
		3E0B34C7452100ADD07D3646 /* BulkAndPersonalEventSheets.swift */ = {isa = PBXFileReference; lastKnownFileType = sourcecode.swift; path = BulkAndPersonalEventSheets.swift; sourceTree = "<group>"; };
		3EC267E8E509847B09E99EBC /* AuthView.swift */ = {isa = PBXFileReference; lastKnownFileType = sourcecode.swift; path = AuthView.swift; sourceTree = "<group>"; };
		41273B29C4C3337E208C2710 /* Repositories.swift */ = {isa = PBXFileReference; lastKnownFileType = sourcecode.swift; path = Repositories.swift; sourceTree = "<group>"; };
		41D3C76590E58CFB4FC235BC /* FriendLogic.swift */ = {isa = PBXFileReference; lastKnownFileType = sourcecode.swift; path = FriendLogic.swift; sourceTree = "<group>"; };
		4459ED8CAC26B8E0F1B2135D /* TodayViewModelTests.swift */ = {isa = PBXFileReference; lastKnownFileType = sourcecode.swift; path = TodayViewModelTests.swift; sourceTree = "<group>"; };
		445CD0394BFB8F40DCF79FF9 /* Release.xcconfig */ = {isa = PBXFileReference; lastKnownFileType = text.xcconfig; path = Release.xcconfig; sourceTree = "<group>"; };
		4561C9D201C4128FED2798B5 /* QueryClient.swift */ = {isa = PBXFileReference; lastKnownFileType = sourcecode.swift; path = QueryClient.swift; sourceTree = "<group>"; };
		49C741304579139AFC67AEED /* AttendanceFlowTests.swift */ = {isa = PBXFileReference; lastKnownFileType = sourcecode.swift; path = AttendanceFlowTests.swift; sourceTree = "<group>"; };
		4CFCEF848D4A987CB2932B70 /* courseSuspension.json */ = {isa = PBXFileReference; lastKnownFileType = text.json; path = courseSuspension.json; sourceTree = "<group>"; };
		4F17AA614691A37719964E8C /* APIClientTests.swift */ = {isa = PBXFileReference; lastKnownFileType = sourcecode.swift; path = APIClientTests.swift; sourceTree = "<group>"; };
		4FEC355AB793AB3A67830749 /* View+Conditional.swift */ = {isa = PBXFileReference; lastKnownFileType = sourcecode.swift; path = "View+Conditional.swift"; sourceTree = "<group>"; };
		52422D6892F5F22F5FBA88AC /* Theme.swift */ = {isa = PBXFileReference; lastKnownFileType = sourcecode.swift; path = Theme.swift; sourceTree = "<group>"; };
		539AC50C23093CBB76899837 /* SemesterOverviewComponents.swift */ = {isa = PBXFileReference; lastKnownFileType = sourcecode.swift; path = SemesterOverviewComponents.swift; sourceTree = "<group>"; };
		54D777E1863FD03334E4B157 /* CourseEditModal.swift */ = {isa = PBXFileReference; lastKnownFileType = sourcecode.swift; path = CourseEditModal.swift; sourceTree = "<group>"; };
		55546AF3CBFD1EDF9F470BD5 /* TodayView.swift */ = {isa = PBXFileReference; lastKnownFileType = sourcecode.swift; path = TodayView.swift; sourceTree = "<group>"; };
		567745C3E0772E461B7A5C70 /* PeriodGroupingTests.swift */ = {isa = PBXFileReference; lastKnownFileType = sourcecode.swift; path = PeriodGroupingTests.swift; sourceTree = "<group>"; };
		58122B4B8EC7C1B07166DB3E /* AtenderUITests.xctest */ = {isa = PBXFileReference; includeInIndex = 0; lastKnownFileType = wrapper.cfbundle; path = AtenderUITests.xctest; sourceTree = BUILT_PRODUCTS_DIR; };
		58BD6B6B4E592A456E19B60E /* InvalidationMatrix.swift */ = {isa = PBXFileReference; lastKnownFileType = sourcecode.swift; path = InvalidationMatrix.swift; sourceTree = "<group>"; };
		5D1B0E017AEF3EF9ED8A3E95 /* Query.swift */ = {isa = PBXFileReference; lastKnownFileType = sourcecode.swift; path = Query.swift; sourceTree = "<group>"; };
		5F3E27E92977B661270F973D /* SelfTimetableViewModelTests.swift */ = {isa = PBXFileReference; lastKnownFileType = sourcecode.swift; path = SelfTimetableViewModelTests.swift; sourceTree = "<group>"; };
		61788D6C1D02EB48EA084795 /* Shadow.swift */ = {isa = PBXFileReference; lastKnownFileType = sourcecode.swift; path = Shadow.swift; sourceTree = "<group>"; };
		61F5FEB219F50B6DA7A46B52 /* CalendarEventDisplayTests.swift */ = {isa = PBXFileReference; lastKnownFileType = sourcecode.swift; path = CalendarEventDisplayTests.swift; sourceTree = "<group>"; };
		635E8F6B1D01773E29848531 /* personalEvent.json */ = {isa = PBXFileReference; lastKnownFileType = text.json; path = personalEvent.json; sourceTree = "<group>"; };
		658450DB41372B75A43E0294 /* KeychainStore.swift */ = {isa = PBXFileReference; lastKnownFileType = sourcecode.swift; path = KeychainStore.swift; sourceTree = "<group>"; };
		69209D504085F39AAE82171A /* QueryKey.swift */ = {isa = PBXFileReference; lastKnownFileType = sourcecode.swift; path = QueryKey.swift; sourceTree = "<group>"; };
		6C0D695AE23C44220A411212 /* QueryCacheTests.swift */ = {isa = PBXFileReference; lastKnownFileType = sourcecode.swift; path = QueryCacheTests.swift; sourceTree = "<group>"; };
		6DFCBAA8C206598378140CF0 /* SemesterOverviewViewModel.swift */ = {isa = PBXFileReference; lastKnownFileType = sourcecode.swift; path = SemesterOverviewViewModel.swift; sourceTree = "<group>"; };
		6ED9EED39711A335BD04CE7A /* APIConfig.swift */ = {isa = PBXFileReference; lastKnownFileType = sourcecode.swift; path = APIConfig.swift; sourceTree = "<group>"; };
		70009CD98D1F556205250A29 /* school.json */ = {isa = PBXFileReference; lastKnownFileType = text.json; path = school.json; sourceTree = "<group>"; };
		7013688D01ED1AC2D405982F /* StatusDot.swift */ = {isa = PBXFileReference; lastKnownFileType = sourcecode.swift; path = StatusDot.swift; sourceTree = "<group>"; };
		70DA82CEAE614300F95AA944 /* ModelSync.md */ = {isa = PBXFileReference; lastKnownFileType = net.daringfireball.markdown; path = ModelSync.md; sourceTree = "<group>"; };
		71519A759E22A6E689C7A7A7 /* DayDetailSheet.swift */ = {isa = PBXFileReference; lastKnownFileType = sourcecode.swift; path = DayDetailSheet.swift; sourceTree = "<group>"; };
		72BBF5C3B9425FC5DE7F8350 /* courseStats.json */ = {isa = PBXFileReference; lastKnownFileType = text.json; path = courseStats.json; sourceTree = "<group>"; };
		73470ED7672F03B4B6907196 /* DTOs.swift */ = {isa = PBXFileReference; lastKnownFileType = sourcecode.swift; path = DTOs.swift; sourceTree = "<group>"; };
		75AF36A364A705E7F9AB459B /* friendship.json */ = {isa = PBXFileReference; lastKnownFileType = text.json; path = friendship.json; sourceTree = "<group>"; };
		7A317F2FADAC6E64B0A781A1 /* DTODecodingPhaseBTests.swift */ = {isa = PBXFileReference; lastKnownFileType = sourcecode.swift; path = DTODecodingPhaseBTests.swift; sourceTree = "<group>"; };
		7ABDD80CD28696BD17849D8A /* TimetableGridPhaseB.swift */ = {isa = PBXFileReference; lastKnownFileType = sourcecode.swift; path = TimetableGridPhaseB.swift; sourceTree = "<group>"; };
		7C5248CAD0EB76E7E620DD25 /* BackHeaderButton.swift */ = {isa = PBXFileReference; lastKnownFileType = sourcecode.swift; path = BackHeaderButton.swift; sourceTree = "<group>"; };
		7E6C88B5D8655E5F3B23AFA8 /* Color+Atender.swift */ = {isa = PBXFileReference; lastKnownFileType = sourcecode.swift; path = "Color+Atender.swift"; sourceTree = "<group>"; };
		7E7434FA2C7C3262522C0019 /* AtenderTests.xctest */ = {isa = PBXFileReference; includeInIndex = 0; lastKnownFileType = wrapper.cfbundle; path = AtenderTests.xctest; sourceTree = BUILT_PRODUCTS_DIR; };
		805551291DFFB877417CF9AE /* Typography.swift */ = {isa = PBXFileReference; lastKnownFileType = sourcecode.swift; path = Typography.swift; sourceTree = "<group>"; };
		819976DEDC996292C71AD231 /* AttendanceOptimisticTests.swift */ = {isa = PBXFileReference; lastKnownFileType = sourcecode.swift; path = AttendanceOptimisticTests.swift; sourceTree = "<group>"; };
		82CCF930FD2D166044AE501C /* Panel.swift */ = {isa = PBXFileReference; lastKnownFileType = sourcecode.swift; path = Panel.swift; sourceTree = "<group>"; };
		82F38E1305B6594E6D75846C /* AppEnvironment.swift */ = {isa = PBXFileReference; lastKnownFileType = sourcecode.swift; path = AppEnvironment.swift; sourceTree = "<group>"; };
		8325BCDCCD38FB023D515A6C /* RoomDetailView.swift */ = {isa = PBXFileReference; lastKnownFileType = sourcecode.swift; path = RoomDetailView.swift; sourceTree = "<group>"; };
		836299631DD36EA914ACC5EC /* KeychainStoreTests.swift */ = {isa = PBXFileReference; lastKnownFileType = sourcecode.swift; path = KeychainStoreTests.swift; sourceTree = "<group>"; };
		8663A60CE3A396E8662825E1 /* SemesterLogic.swift */ = {isa = PBXFileReference; lastKnownFileType = sourcecode.swift; path = SemesterLogic.swift; sourceTree = "<group>"; };
		87136901C644817D886771CB /* BottomTabBar.swift */ = {isa = PBXFileReference; lastKnownFileType = sourcecode.swift; path = BottomTabBar.swift; sourceTree = "<group>"; };
		8770F92C47DD0EC0F3444D5D /* SettingsView.swift */ = {isa = PBXFileReference; lastKnownFileType = sourcecode.swift; path = SettingsView.swift; sourceTree = "<group>"; };
		8A8B5B88A91DBAC9526AD660 /* DeepLinkTests.swift */ = {isa = PBXFileReference; lastKnownFileType = sourcecode.swift; path = DeepLinkTests.swift; sourceTree = "<group>"; };
		8AEEACC6FAE82768F83CAAC2 /* SemesterOverviewDisplayLogicTests.swift */ = {isa = PBXFileReference; lastKnownFileType = sourcecode.swift; path = SemesterOverviewDisplayLogicTests.swift; sourceTree = "<group>"; };
		8B67165AFB4B7A3A030C57E0 /* APIEndpoint.swift */ = {isa = PBXFileReference; lastKnownFileType = sourcecode.swift; path = APIEndpoint.swift; sourceTree = "<group>"; };
		8DBD870A5252F58139C86DE0 /* FullScreenModal.swift */ = {isa = PBXFileReference; lastKnownFileType = sourcecode.swift; path = FullScreenModal.swift; sourceTree = "<group>"; };
		906D64C10A83261590BC8F41 /* department.json */ = {isa = PBXFileReference; lastKnownFileType = text.json; path = department.json; sourceTree = "<group>"; };
		90A4AD77319A144A80D51838 /* MeetingExpansionTests.swift */ = {isa = PBXFileReference; lastKnownFileType = sourcecode.swift; path = MeetingExpansionTests.swift; sourceTree = "<group>"; };
		92156BDDD77FE3F51BAAAC99 /* RoomLogic.swift */ = {isa = PBXFileReference; lastKnownFileType = sourcecode.swift; path = RoomLogic.swift; sourceTree = "<group>"; };
		96354A41914EF086814257BE /* Error+UserFacing.swift */ = {isa = PBXFileReference; lastKnownFileType = sourcecode.swift; path = "Error+UserFacing.swift"; sourceTree = "<group>"; };
		969F0AE4FB0D6EB2E1F363D7 /* HomeCore.swift */ = {isa = PBXFileReference; lastKnownFileType = sourcecode.swift; path = HomeCore.swift; sourceTree = "<group>"; };
		9C7C9C21BF5DBEB9439DAAA4 /* effectiveRule.json */ = {isa = PBXFileReference; lastKnownFileType = text.json; path = effectiveRule.json; sourceTree = "<group>"; };
		9E877951DB9A4B6E8475BBA0 /* DayRepository.swift */ = {isa = PBXFileReference; lastKnownFileType = sourcecode.swift; path = DayRepository.swift; sourceTree = "<group>"; };
		A1830719A017DD89213B756E /* room.json */ = {isa = PBXFileReference; lastKnownFileType = text.json; path = room.json; sourceTree = "<group>"; };
		A2ABC351608AF95255690A65 /* Debug.xcconfig */ = {isa = PBXFileReference; lastKnownFileType = text.xcconfig; path = Debug.xcconfig; sourceTree = "<group>"; };
		A311AC01ED9081DF030C0A40 /* CourseDetailModal.swift */ = {isa = PBXFileReference; lastKnownFileType = sourcecode.swift; path = CourseDetailModal.swift; sourceTree = "<group>"; };
		AA381FEAC92EC17871634239 /* AuthStoreTests.swift */ = {isa = PBXFileReference; lastKnownFileType = sourcecode.swift; path = AuthStoreTests.swift; sourceTree = "<group>"; };
		AC78DDCEAAA553794876860D /* roomSummary.json */ = {isa = PBXFileReference; lastKnownFileType = text.json; path = roomSummary.json; sourceTree = "<group>"; };
		AEEEEBB4F0FDE0FD458160C4 /* RoomSheets.swift */ = {isa = PBXFileReference; lastKnownFileType = sourcecode.swift; path = RoomSheets.swift; sourceTree = "<group>"; };
		AFA535A7CE55D9C5F93C7EAE /* TodayViewModel.swift */ = {isa = PBXFileReference; lastKnownFileType = sourcecode.swift; path = TodayViewModel.swift; sourceTree = "<group>"; };
		B8108DB67DD938047120CD20 /* errorResponse.json */ = {isa = PBXFileReference; lastKnownFileType = text.json; path = errorResponse.json; sourceTree = "<group>"; };
		BD092C02EA4CD0CED22FBB19 /* APIError.swift */ = {isa = PBXFileReference; lastKnownFileType = sourcecode.swift; path = APIError.swift; sourceTree = "<group>"; };
		BD36B6CAAED53F088B6CE467 /* NavigationTests.swift */ = {isa = PBXFileReference; lastKnownFileType = sourcecode.swift; path = NavigationTests.swift; sourceTree = "<group>"; };
		BE7A51D99268836FF86B6718 /* Skeleton.swift */ = {isa = PBXFileReference; lastKnownFileType = sourcecode.swift; path = Skeleton.swift; sourceTree = "<group>"; };
		C05C5180C5838017015D293B /* ConfirmDialog.swift */ = {isa = PBXFileReference; lastKnownFileType = sourcecode.swift; path = ConfirmDialog.swift; sourceTree = "<group>"; };
		C171571049FAF9AE7886F025 /* CalendarRangeTests.swift */ = {isa = PBXFileReference; lastKnownFileType = sourcecode.swift; path = CalendarRangeTests.swift; sourceTree = "<group>"; };
		C18F2B99101B809D3C9A203E /* SemesterOverviewView.swift */ = {isa = PBXFileReference; lastKnownFileType = sourcecode.swift; path = SemesterOverviewView.swift; sourceTree = "<group>"; };
		C23EC2A2F0A9B6DE7B44AB14 /* Toast.swift */ = {isa = PBXFileReference; lastKnownFileType = sourcecode.swift; path = Toast.swift; sourceTree = "<group>"; };
		C3FE45BC52B3B0AF5D3F7D5C /* NotoSansJP-VariableFont_wght.ttf */ = {isa = PBXFileReference; lastKnownFileType = file; path = "NotoSansJP-VariableFont_wght.ttf"; sourceTree = "<group>"; };
		C409F12655753FA22B9FAA25 /* attendanceRule.json */ = {isa = PBXFileReference; lastKnownFileType = text.json; path = attendanceRule.json; sourceTree = "<group>"; };
		C51A60D13CCFB9AD0F2CAD82 /* Assets.xcassets */ = {isa = PBXFileReference; lastKnownFileType = folder.assetcatalog; path = Assets.xcassets; sourceTree = "<group>"; };
		C6ABA9B777954F9E44DC2327 /* userTimetables.json */ = {isa = PBXFileReference; lastKnownFileType = text.json; path = userTimetables.json; sourceTree = "<group>"; };
		C6F5C65A87B6A24571CDEC43 /* Inter-Black.ttf */ = {isa = PBXFileReference; lastKnownFileType = file; path = "Inter-Black.ttf"; sourceTree = "<group>"; };
		CAA03C4DE7F2E78085D51CE6 /* semesterOverview.json */ = {isa = PBXFileReference; lastKnownFileType = text.json; path = semesterOverview.json; sourceTree = "<group>"; };
		CDC93555890F2A9A707643EC /* DeepLink.swift */ = {isa = PBXFileReference; lastKnownFileType = sourcecode.swift; path = DeepLink.swift; sourceTree = "<group>"; };
		CFFB764930F10314165F696C /* RoomsView.swift */ = {isa = PBXFileReference; lastKnownFileType = sourcecode.swift; path = RoomsView.swift; sourceTree = "<group>"; };
		D1A3ABAEE5BF9ECC900F4899 /* SmokeTests.swift */ = {isa = PBXFileReference; lastKnownFileType = sourcecode.swift; path = SmokeTests.swift; sourceTree = "<group>"; };
		D7213E526B071239860F7C01 /* AppRouter.swift */ = {isa = PBXFileReference; lastKnownFileType = sourcecode.swift; path = AppRouter.swift; sourceTree = "<group>"; };
		D77B49CE73129838A808041A /* statsResponse.json */ = {isa = PBXFileReference; lastKnownFileType = text.json; path = statsResponse.json; sourceTree = "<group>"; };
		D7ABD35D19F232BAC7E0281B /* Atender.app */ = {isa = PBXFileReference; includeInIndex = 0; lastKnownFileType = wrapper.application; path = Atender.app; sourceTree = BUILT_PRODUCTS_DIR; };
		D88AA75BDAF9E59591CBA86B /* PlaceholderViews.swift */ = {isa = PBXFileReference; lastKnownFileType = sourcecode.swift; path = PlaceholderViews.swift; sourceTree = "<group>"; };
		D9A1833B2CF8340C0F3CBBDD /* Inter-SemiBold.ttf */ = {isa = PBXFileReference; lastKnownFileType = file; path = "Inter-SemiBold.ttf"; sourceTree = "<group>"; };
		D9CC46C218FB9279EBCB8CEC /* GoogleSignIn.swift */ = {isa = PBXFileReference; lastKnownFileType = sourcecode.swift; path = GoogleSignIn.swift; sourceTree = "<group>"; };
		DCAA599C807F961996F40669 /* MeetingSheets.swift */ = {isa = PBXFileReference; lastKnownFileType = sourcecode.swift; path = MeetingSheets.swift; sourceTree = "<group>"; };
		DECB716EFB9F86E4D7BF8E03 /* MainTabView.swift */ = {isa = PBXFileReference; lastKnownFileType = sourcecode.swift; path = MainTabView.swift; sourceTree = "<group>"; };
		E0236BCF61F3BF72EAD7ED4F /* RoomLogicTests.swift */ = {isa = PBXFileReference; lastKnownFileType = sourcecode.swift; path = RoomLogicTests.swift; sourceTree = "<group>"; };
		E0E5C54CB4060E325F7882A2 /* AttendanceOptimistic.swift */ = {isa = PBXFileReference; lastKnownFileType = sourcecode.swift; path = AttendanceOptimistic.swift; sourceTree = "<group>"; };
		E2A75B3BA5E52CFF54AF17CB /* today.json */ = {isa = PBXFileReference; lastKnownFileType = text.json; path = today.json; sourceTree = "<group>"; };
		E56940DADCBDC968A5D4E7E9 /* InvalidationMatrixPhaseDTests.swift */ = {isa = PBXFileReference; lastKnownFileType = sourcecode.swift; path = InvalidationMatrixPhaseDTests.swift; sourceTree = "<group>"; };
		E71CC09BB40AC92C94BF9C77 /* ScreenshotFlow.swift */ = {isa = PBXFileReference; lastKnownFileType = sourcecode.swift; path = ScreenshotFlow.swift; sourceTree = "<group>"; };
		EA9996CC30CE6290D2BE2C24 /* PersonalCalendar.swift */ = {isa = PBXFileReference; lastKnownFileType = sourcecode.swift; path = PersonalCalendar.swift; sourceTree = "<group>"; };
		EAC6C9AA67EF9F61229C0954 /* Inter-Regular.ttf */ = {isa = PBXFileReference; lastKnownFileType = file; path = "Inter-Regular.ttf"; sourceTree = "<group>"; };
		EBEB852E957E4C97E97E9A5A /* Chip.swift */ = {isa = PBXFileReference; lastKnownFileType = sourcecode.swift; path = Chip.swift; sourceTree = "<group>"; };
		EF0EC02F88F72059608DDE10 /* DTODecodingTests.swift */ = {isa = PBXFileReference; lastKnownFileType = sourcecode.swift; path = DTODecodingTests.swift; sourceTree = "<group>"; };
		F2956E4A92BA278B35E684C6 /* Inter-Medium.ttf */ = {isa = PBXFileReference; lastKnownFileType = file; path = "Inter-Medium.ttf"; sourceTree = "<group>"; };
		F53CD177E90C3C3091C35E64 /* dayDetailEmpty.json */ = {isa = PBXFileReference; lastKnownFileType = text.json; path = dayDetailEmpty.json; sourceTree = "<group>"; };
		F54EF63887E2E4E8F24861D1 /* roomWeek.json */ = {isa = PBXFileReference; lastKnownFileType = text.json; path = roomWeek.json; sourceTree = "<group>"; };
		F57B32791B937CB743326B52 /* me.json */ = {isa = PBXFileReference; lastKnownFileType = text.json; path = me.json; sourceTree = "<group>"; };
		F7B18BBAB34C2418B29E305C /* SelfTimetableView.swift */ = {isa = PBXFileReference; lastKnownFileType = sourcecode.swift; path = SelfTimetableView.swift; sourceTree = "<group>"; };
		F7B97B956D017B950AE52C29 /* APIClient.swift */ = {isa = PBXFileReference; lastKnownFileType = sourcecode.swift; path = APIClient.swift; sourceTree = "<group>"; };
		FBA6EC6729BBC154D9DF7893 /* Enums.swift */ = {isa = PBXFileReference; lastKnownFileType = sourcecode.swift; path = Enums.swift; sourceTree = "<group>"; };
		FE29F7FBACF3A6C80F478A2C /* AmbientBackground.swift */ = {isa = PBXFileReference; lastKnownFileType = sourcecode.swift; path = AmbientBackground.swift; sourceTree = "<group>"; };
/* End PBXFileReference section */

/* Begin PBXGroup section */
		05F840FDD86B90EE683F8E44 /* Auth */ = {
			isa = PBXGroup;
			children = (
				3D662CF03BD81A2E6F1A5C71 /* AppleSignIn.swift */,
				3CD52084318E0458AEA8A8B6 /* AuthStore.swift */,
				D9CC46C218FB9279EBCB8CEC /* GoogleSignIn.swift */,
				658450DB41372B75A43E0294 /* KeychainStore.swift */,
			);
			path = Auth;
			sourceTree = "<group>";
		};
		18BC6777C52B4B34D149BB25 /* Core */ = {
			isa = PBXGroup;
			children = (
				CDC93555890F2A9A707643EC /* DeepLink.swift */,
				05F840FDD86B90EE683F8E44 /* Auth */,
				3AAACABD42F946A8DF1AFC41 /* Data */,
				436294B205B2672ACB9F0CF1 /* DesignSystem */,
				994B27DE572906B8C736D9C7 /* Models */,
				6BA31213962034DB200BBA76 /* Networking */,
				4109A0A1A10E69ED7BDEB6EB /* Timetable */,
			);
			path = Core;
			sourceTree = "<group>";
		};
		20CDEA81EB3A900D3A8FB475 /* Config */ = {
			isa = PBXGroup;
			children = (
				A2ABC351608AF95255690A65 /* Debug.xcconfig */,
				445CD0394BFB8F40DCF79FF9 /* Release.xcconfig */,
			);
			path = Config;
			sourceTree = "<group>";
		};
		367C3933AEA763E568EDA73F /* Course */ = {
			isa = PBXGroup;
			children = (
				54D777E1863FD03334E4B157 /* CourseEditModal.swift */,
			);
			path = Course;
			sourceTree = "<group>";
		};
		3AAACABD42F946A8DF1AFC41 /* Data */ = {
			isa = PBXGroup;
			children = (
				E0E5C54CB4060E325F7882A2 /* AttendanceOptimistic.swift */,
				0969F6372BD54008FC999863 /* CourseRepository.swift */,
				9E877951DB9A4B6E8475BBA0 /* DayRepository.swift */,
				58BD6B6B4E592A456E19B60E /* InvalidationMatrix.swift */,
				1D20A2141D633BF7DA54EA7F /* MeRepository.swift */,
				5D1B0E017AEF3EF9ED8A3E95 /* Query.swift */,
				4561C9D201C4128FED2798B5 /* QueryClient.swift */,
				69209D504085F39AAE82171A /* QueryKey.swift */,
				41273B29C4C3337E208C2710 /* Repositories.swift */,
				19E17036AA437942C36B4E85 /* RoomRepositories.swift */,
			);
			path = Data;
			sourceTree = "<group>";
		};
		3C84DB221AF7DEF415C1EE49 /* Today */ = {
			isa = PBXGroup;
			children = (
				309FA265636751B8C6C07BC0 /* OccurrenceRow.swift */,
				55546AF3CBFD1EDF9F470BD5 /* TodayView.swift */,
				AFA535A7CE55D9C5F93C7EAE /* TodayViewModel.swift */,
			);
			path = Today;
			sourceTree = "<group>";
		};
		3CB199D75DAD99D2E6BDA2EF /* Auth */ = {
			isa = PBXGroup;
			children = (
				3EC267E8E509847B09E99EBC /* AuthView.swift */,
			);
			path = Auth;
			sourceTree = "<group>";
		};
		4109A0A1A10E69ED7BDEB6EB /* Timetable */ = {
			isa = PBXGroup;
			children = (
				0F29845C441C1E2999B863E3 /* TimetableLogic.swift */,
			);
			path = Timetable;
			sourceTree = "<group>";
		};
		436294B205B2672ACB9F0CF1 /* DesignSystem */ = {
			isa = PBXGroup;
			children = (
				FE29F7FBACF3A6C80F478A2C /* AmbientBackground.swift */,
				7E6C88B5D8655E5F3B23AFA8 /* Color+Atender.swift */,
				06CF492600752A538A3ACBF9 /* Radius.swift */,
				61788D6C1D02EB48EA084795 /* Shadow.swift */,
				1C08D6F5D0436E34DFB893A7 /* Space.swift */,
				52422D6892F5F22F5FBA88AC /* Theme.swift */,
				805551291DFFB877417CF9AE /* Typography.swift */,
				4FEC355AB793AB3A67830749 /* View+Conditional.swift */,
				BE1607FE32AF04127EE01244 /* Components */,
			);
			path = DesignSystem;
			sourceTree = "<group>";
		};
		463D6D3F69C74583D081FBCF /* Fonts */ = {
			isa = PBXGroup;
			children = (
				C6F5C65A87B6A24571CDEC43 /* Inter-Black.ttf */,
				093F3D51376F7845C4A57971 /* Inter-Bold.ttf */,
				F2956E4A92BA278B35E684C6 /* Inter-Medium.ttf */,
				EAC6C9AA67EF9F61229C0954 /* Inter-Regular.ttf */,
				D9A1833B2CF8340C0F3CBBDD /* Inter-SemiBold.ttf */,
				C3FE45BC52B3B0AF5D3F7D5C /* NotoSansJP-VariableFont_wght.ttf */,
			);
			path = Fonts;
			sourceTree = "<group>";
		};
		510C6A8FE31785E91EDEFE42 /* Fixtures */ = {
			isa = PBXGroup;
			children = (
				C409F12655753FA22B9FAA25 /* attendanceRule.json */,
				72BBF5C3B9425FC5DE7F8350 /* courseStats.json */,
				4CFCEF848D4A987CB2932B70 /* courseSuspension.json */,
				2C079553935992B97CF655FA /* dayDetail.json */,
				F53CD177E90C3C3091C35E64 /* dayDetailEmpty.json */,
				906D64C10A83261590BC8F41 /* department.json */,
				9C7C9C21BF5DBEB9439DAAA4 /* effectiveRule.json */,
				B8108DB67DD938047120CD20 /* errorResponse.json */,
				75AF36A364A705E7F9AB459B /* friendship.json */,
				F57B32791B937CB743326B52 /* me.json */,
				635E8F6B1D01773E29848531 /* personalEvent.json */,
				A1830719A017DD89213B756E /* room.json */,
				AC78DDCEAAA553794876860D /* roomSummary.json */,
				F54EF63887E2E4E8F24861D1 /* roomWeek.json */,
				70009CD98D1F556205250A29 /* school.json */,
				CAA03C4DE7F2E78085D51CE6 /* semesterOverview.json */,
				D77B49CE73129838A808041A /* statsResponse.json */,
				2C13EC0CF821F3870D0E28AC /* template.json */,
				30B931C3F5F6D3DDC7F1B32A /* timetableSuspension.json */,
				E2A75B3BA5E52CFF54AF17CB /* today.json */,
				21E93B41B6FC741D73169F66 /* userTimetable.json */,
				C6ABA9B777954F9E44DC2327 /* userTimetables.json */,
			);
			path = Fixtures;
			sourceTree = "<group>";
		};
		5C19D1E78CE698026F1435C5 /* Timetable */ = {
			isa = PBXGroup;
			children = (
				DCAA599C807F961996F40669 /* MeetingSheets.swift */,
				1BCD033818AF2AEC5CF09C02 /* PeriodChips.swift */,
				7ABDD80CD28696BD17849D8A /* TimetableGridPhaseB.swift */,
			);
			path = Timetable;
			sourceTree = "<group>";
		};
		5C2D5D0B27DD177E100BF8EF /* Home */ = {
			isa = PBXGroup;
			children = (
				969F0AE4FB0D6EB2E1F363D7 /* HomeCore.swift */,
				F7B18BBAB34C2418B29E305C /* SelfTimetableView.swift */,
				2DF7ADC94939F7E83511B333 /* SelfTodayCTA.swift */,
			);
			path = Home;
			sourceTree = "<group>";
		};
		5CBC80EF0D9B4443ED577743 /* AtenderTests */ = {
			isa = PBXGroup;
			children = (
				4F17AA614691A37719964E8C /* APIClientTests.swift */,
				49C741304579139AFC67AEED /* AttendanceFlowTests.swift */,
				819976DEDC996292C71AD231 /* AttendanceOptimisticTests.swift */,
				AA381FEAC92EC17871634239 /* AuthStoreTests.swift */,
				61F5FEB219F50B6DA7A46B52 /* CalendarEventDisplayTests.swift */,
				0B400C6440D904C5BAA19BD2 /* CalendarLaneTests.swift */,
				C171571049FAF9AE7886F025 /* CalendarRangeTests.swift */,
				00C8A17EB915F333EB02E29C /* DayConventionTests.swift */,
				8A8B5B88A91DBAC9526AD660 /* DeepLinkTests.swift */,
				0BAEE0133D4B5E9D8C9119CC /* DesignTokenTests.swift */,
				7A317F2FADAC6E64B0A781A1 /* DTODecodingPhaseBTests.swift */,
				EF0EC02F88F72059608DDE10 /* DTODecodingTests.swift */,
				2BBF2B26BEAC2662548B9526 /* FriendLogicTests.swift */,
				E56940DADCBDC968A5D4E7E9 /* InvalidationMatrixPhaseDTests.swift */,
				836299631DD36EA914ACC5EC /* KeychainStoreTests.swift */,
				90A4AD77319A144A80D51838 /* MeetingExpansionTests.swift */,
				BD36B6CAAED53F088B6CE467 /* NavigationTests.swift */,
				567745C3E0772E461B7A5C70 /* PeriodGroupingTests.swift */,
				6C0D695AE23C44220A411212 /* QueryCacheTests.swift */,
				E0236BCF61F3BF72EAD7ED4F /* RoomLogicTests.swift */,
				5F3E27E92977B661270F973D /* SelfTimetableViewModelTests.swift */,
				18A8D2BA38DA5164644FFF2D /* SemesterLogicTests.swift */,
				8AEEACC6FAE82768F83CAAC2 /* SemesterOverviewDisplayLogicTests.swift */,
				D1A3ABAEE5BF9ECC900F4899 /* SmokeTests.swift */,
				364C818185FC6D41FC11436F /* TimetableCoalesceTests.swift */,
				4459ED8CAC26B8E0F1B2135D /* TodayViewModelTests.swift */,
				510C6A8FE31785E91EDEFE42 /* Fixtures */,
			);
			path = AtenderTests;
			sourceTree = "<group>";
		};
		63D9A2BA5DE9E15325F04E21 /* Atender */ = {
			isa = PBXGroup;
			children = (
				C51A60D13CCFB9AD0F2CAD82 /* Assets.xcassets */,
				07977A42C53BC40CA5FDE865 /* Atender.entitlements */,
				32BCCF2DC4BA83E0E8030C7E /* AtenderApp.swift */,
				17960E6CCBC01FE299C843E9 /* Info.plist */,
				B24F3E3CE29AB26E5D0CE2EF /* App */,
				18BC6777C52B4B34D149BB25 /* Core */,
				8241349602E9318AE4048A12 /* Features */,
				FBB39E9834CD14E065D67BCC /* Resources */,
			);
			path = Atender;
			sourceTree = "<group>";
		};
		685480982420B20EF14A0C35 /* Rooms */ = {
			isa = PBXGroup;
			children = (
				8325BCDCCD38FB023D515A6C /* RoomDetailView.swift */,
				92156BDDD77FE3F51BAAAC99 /* RoomLogic.swift */,
				AEEEEBB4F0FDE0FD458160C4 /* RoomSheets.swift */,
				CFFB764930F10314165F696C /* RoomsView.swift */,
				0B395756D234F99DDC72232E /* TemplatesView.swift */,
			);
			path = Rooms;
			sourceTree = "<group>";
		};
		6BA31213962034DB200BBA76 /* Networking */ = {
			isa = PBXGroup;
			children = (
				F7B97B956D017B950AE52C29 /* APIClient.swift */,
				6ED9EED39711A335BD04CE7A /* APIConfig.swift */,
				8B67165AFB4B7A3A030C57E0 /* APIEndpoint.swift */,
				BD092C02EA4CD0CED22FBB19 /* APIError.swift */,
				96354A41914EF086814257BE /* Error+UserFacing.swift */,
			);
			path = Networking;
			sourceTree = "<group>";
		};
		8241349602E9318AE4048A12 /* Features */ = {
			isa = PBXGroup;
			children = (
				3CB199D75DAD99D2E6BDA2EF /* Auth */,
				B03EB22EBD2D7AB9AEC4A799 /* Calendar */,
				367C3933AEA763E568EDA73F /* Course */,
				A52E349EA590E2738FF8AB3F /* Friends */,
				5C2D5D0B27DD177E100BF8EF /* Home */,
				685480982420B20EF14A0C35 /* Rooms */,
				BA522151838F6B970CB18A81 /* SemesterOverview */,
				A192A6C87002C5EE0C9B185A /* Settings */,
				5C19D1E78CE698026F1435C5 /* Timetable */,
				3C84DB221AF7DEF415C1EE49 /* Today */,
			);
			path = Features;
			sourceTree = "<group>";
		};
		84507A8E735E61DE628021FC = {
			isa = PBXGroup;
			children = (
				63D9A2BA5DE9E15325F04E21 /* Atender */,
				5CBC80EF0D9B4443ED577743 /* AtenderTests */,
				F923FBB17A348034A5010D4F /* AtenderUITests */,
				20CDEA81EB3A900D3A8FB475 /* Config */,
				8E65962C86665D2A7E0C7B22 /* Products */,
			);
			sourceTree = "<group>";
		};
		8E65962C86665D2A7E0C7B22 /* Products */ = {
			isa = PBXGroup;
			children = (
				D7ABD35D19F232BAC7E0281B /* Atender.app */,
				7E7434FA2C7C3262522C0019 /* AtenderTests.xctest */,
				58122B4B8EC7C1B07166DB3E /* AtenderUITests.xctest */,
			);
			name = Products;
			sourceTree = "<group>";
		};
		994B27DE572906B8C736D9C7 /* Models */ = {
			isa = PBXGroup;
			children = (
				73470ED7672F03B4B6907196 /* DTOs.swift */,
				FBA6EC6729BBC154D9DF7893 /* Enums.swift */,
				70DA82CEAE614300F95AA944 /* ModelSync.md */,
			);
			path = Models;
			sourceTree = "<group>";
		};
		A192A6C87002C5EE0C9B185A /* Settings */ = {
			isa = PBXGroup;
			children = (
				8770F92C47DD0EC0F3444D5D /* SettingsView.swift */,
				1CB80AC5B344C4C329C33930 /* TimetableSettingsSheet.swift */,
			);
			path = Settings;
			sourceTree = "<group>";
		};
		A52E349EA590E2738FF8AB3F /* Friends */ = {
			isa = PBXGroup;
			children = (
				41D3C76590E58CFB4FC235BC /* FriendLogic.swift */,
				0AA7A46E43A839BAB965C84D /* FriendsView.swift */,
			);
			path = Friends;
			sourceTree = "<group>";
		};
		B03EB22EBD2D7AB9AEC4A799 /* Calendar */ = {
			isa = PBXGroup;
			children = (
				EA9996CC30CE6290D2BE2C24 /* PersonalCalendar.swift */,
			);
			path = Calendar;
			sourceTree = "<group>";
		};
		B24F3E3CE29AB26E5D0CE2EF /* App */ = {
			isa = PBXGroup;
			children = (
				82F38E1305B6594E6D75846C /* AppEnvironment.swift */,
				D7213E526B071239860F7C01 /* AppRouter.swift */,
				87136901C644817D886771CB /* BottomTabBar.swift */,
				DECB716EFB9F86E4D7BF8E03 /* MainTabView.swift */,
				D88AA75BDAF9E59591CBA86B /* PlaceholderViews.swift */,
				2FCEC5BF722DA44ED1DEB05E /* RootView.swift */,
			);
			path = App;
			sourceTree = "<group>";
		};
		BA522151838F6B970CB18A81 /* SemesterOverview */ = {
			isa = PBXGroup;
			children = (
				3E0B34C7452100ADD07D3646 /* BulkAndPersonalEventSheets.swift */,
				A311AC01ED9081DF030C0A40 /* CourseDetailModal.swift */,
				71519A759E22A6E689C7A7A7 /* DayDetailSheet.swift */,
				8663A60CE3A396E8662825E1 /* SemesterLogic.swift */,
				539AC50C23093CBB76899837 /* SemesterOverviewComponents.swift */,
				C18F2B99101B809D3C9A203E /* SemesterOverviewView.swift */,
				6DFCBAA8C206598378140CF0 /* SemesterOverviewViewModel.swift */,
			);
			path = SemesterOverview;
			sourceTree = "<group>";
		};
		BE1607FE32AF04127EE01244 /* Components */ = {
			isa = PBXGroup;
			children = (
				25ED159BA849DB2D616341A4 /* AtenderButton.swift */,
				7C5248CAD0EB76E7E620DD25 /* BackHeaderButton.swift */,
				1A24A8C1959C4D4435E3EFFD /* BottomSheet.swift */,
				EBEB852E957E4C97E97E9A5A /* Chip.swift */,
				C05C5180C5838017015D293B /* ConfirmDialog.swift */,
				0219357DC5D40255EB0127F4 /* EmptyState.swift */,
				8DBD870A5252F58139C86DE0 /* FullScreenModal.swift */,
				82CCF930FD2D166044AE501C /* Panel.swift */,
				BE7A51D99268836FF86B6718 /* Skeleton.swift */,
				7013688D01ED1AC2D405982F /* StatusDot.swift */,
				C23EC2A2F0A9B6DE7B44AB14 /* Toast.swift */,
			);
			path = Components;
			sourceTree = "<group>";
		};
		F923FBB17A348034A5010D4F /* AtenderUITests */ = {
			isa = PBXGroup;
			children = (
				E71CC09BB40AC92C94BF9C77 /* ScreenshotFlow.swift */,
			);
			path = AtenderUITests;
			sourceTree = "<group>";
		};
		FBB39E9834CD14E065D67BCC /* Resources */ = {
			isa = PBXGroup;
			children = (
				463D6D3F69C74583D081FBCF /* Fonts */,
			);
			path = Resources;
			sourceTree = "<group>";
		};
/* End PBXGroup section */

/* Begin PBXNativeTarget section */
		34F33AAE366A098326F57DC0 /* AtenderTests */ = {
			isa = PBXNativeTarget;
			buildConfigurationList = B08731DC28A6E5A38CCD9F30 /* Build configuration list for PBXNativeTarget "AtenderTests" */;
			buildPhases = (
				114085508DE1684B97CA1AB3 /* Sources */,
				067D754753A0429BD5A899CB /* Resources */,
			);
			buildRules = (
			);
			dependencies = (
				4DE22A093E620146B8676738 /* PBXTargetDependency */,
			);
			name = AtenderTests;
			packageProductDependencies = (
			);
			productName = AtenderTests;
			productReference = 7E7434FA2C7C3262522C0019 /* AtenderTests.xctest */;
			productType = "com.apple.product-type.bundle.unit-test";
		};
		56F42EB66A2F92E5F9EB3CFD /* AtenderUITests */ = {
			isa = PBXNativeTarget;
			buildConfigurationList = 155DCDD14C469E4F03722DAC /* Build configuration list for PBXNativeTarget "AtenderUITests" */;
			buildPhases = (
				173BBB8364F3EE9FDE0E4176 /* Sources */,
			);
			buildRules = (
			);
			dependencies = (
				A49A2E6BE6E07C6D89E9A621 /* PBXTargetDependency */,
			);
			name = AtenderUITests;
			packageProductDependencies = (
			);
			productName = AtenderUITests;
			productReference = 58122B4B8EC7C1B07166DB3E /* AtenderUITests.xctest */;
			productType = "com.apple.product-type.bundle.ui-testing";
		};
		6ECD16E52BA6B8D5336086A6 /* Atender */ = {
			isa = PBXNativeTarget;
			buildConfigurationList = 2BA78C99844447DEC8F00157 /* Build configuration list for PBXNativeTarget "Atender" */;
			buildPhases = (
				2C0FA117CA99B4FA9156AD10 /* Sources */,
				0769D8E376AB1C32EEB9E5A8 /* Resources */,
			);
			buildRules = (
			);
			dependencies = (
			);
			name = Atender;
			packageProductDependencies = (
			);
			productName = Atender;
			productReference = D7ABD35D19F232BAC7E0281B /* Atender.app */;
			productType = "com.apple.product-type.application";
		};
/* End PBXNativeTarget section */

/* Begin PBXProject section */
		F73488109D3F7288A07C1286 /* Project object */ = {
			isa = PBXProject;
			attributes = {
				BuildIndependentTargetsInParallel = YES;
				LastUpgradeCheck = 1430;
				TargetAttributes = {
					56F42EB66A2F92E5F9EB3CFD = {
						TestTargetID = 6ECD16E52BA6B8D5336086A6;
					};
				};
			};
			buildConfigurationList = 6D20DDA90679B17E0B92A889 /* Build configuration list for PBXProject "Atender" */;
			developmentRegion = en;
			hasScannedForEncodings = 0;
			knownRegions = (
				Base,
				en,
			);
			mainGroup = 84507A8E735E61DE628021FC;
			minimizedProjectReferenceProxies = 1;
			preferredProjectObjectVersion = 77;
			productRefGroup = 8E65962C86665D2A7E0C7B22 /* Products */;
			projectDirPath = "";
			projectRoot = "";
			targets = (
				6ECD16E52BA6B8D5336086A6 /* Atender */,
				34F33AAE366A098326F57DC0 /* AtenderTests */,
				56F42EB66A2F92E5F9EB3CFD /* AtenderUITests */,
			);
		};
/* End PBXProject section */

/* Begin PBXResourcesBuildPhase section */
		067D754753A0429BD5A899CB /* Resources */ = {
			isa = PBXResourcesBuildPhase;
			buildActionMask = 2147483647;
			files = (
				8650C64FBBA53CC4FA673290 /* attendanceRule.json in Resources */,
				EB4EC20097639FE9FA632959 /* courseStats.json in Resources */,
				F8AD4D7681881919F3A177AE /* courseSuspension.json in Resources */,
				3596C5DC0A3331C1DD166C49 /* dayDetail.json in Resources */,
				3C6735BA0F7CD3D4EAA0D3EC /* dayDetailEmpty.json in Resources */,
				09702DBBD529364C4BC5CC2B /* department.json in Resources */,
				FF6A3DEE3B6F8BAD7AB46ED1 /* effectiveRule.json in Resources */,
				83851FD9C709A9C65BBB7097 /* errorResponse.json in Resources */,
				88AFB3048330EBB85F59F87E /* friendship.json in Resources */,
				7F8D5E39D0F09321D05FE16A /* me.json in Resources */,
				71ED6461CC0421B88197C9D5 /* personalEvent.json in Resources */,
				23FD6EF05FE598D7504F4FDB /* room.json in Resources */,
				EECFED294E0214316018E541 /* roomSummary.json in Resources */,
				F081906D47797709F99A3763 /* roomWeek.json in Resources */,
				A827A209EC8D920BBD4D1258 /* school.json in Resources */,
				03E96037AD35FD7762FC7802 /* semesterOverview.json in Resources */,
				099C56E7BE0D5D0782CF64A2 /* statsResponse.json in Resources */,
				A0FF9FFA456505A155140AD7 /* template.json in Resources */,
				788F6E50DCC9C42432929B8D /* timetableSuspension.json in Resources */,
				D0470931136B5931B5378DC0 /* today.json in Resources */,
				C6DCB01221DD7D337D4CD418 /* userTimetable.json in Resources */,
				80EB26C902FDE4F05D236252 /* userTimetables.json in Resources */,
			);
			runOnlyForDeploymentPostprocessing = 0;
		};
		0769D8E376AB1C32EEB9E5A8 /* Resources */ = {
			isa = PBXResourcesBuildPhase;
			buildActionMask = 2147483647;
			files = (
				C4001AF40AE6C017F7AAAAA9 /* Assets.xcassets in Resources */,
				D1524B4029E6498FF58B0537 /* Inter-Black.ttf in Resources */,
				7A3AB2F3CE38FF687A324133 /* Inter-Bold.ttf in Resources */,
				677B189B5C2F62FF7820DBE9 /* Inter-Medium.ttf in Resources */,
				92E2140A13767F8671B8577A /* Inter-Regular.ttf in Resources */,
				64AB3BA9C4A91644D343420D /* Inter-SemiBold.ttf in Resources */,
				95B42E50804056704133EC3D /* ModelSync.md in Resources */,
				600D13AE8054DB825F29E6D9 /* NotoSansJP-VariableFont_wght.ttf in Resources */,
			);
			runOnlyForDeploymentPostprocessing = 0;
		};
/* End PBXResourcesBuildPhase section */

/* Begin PBXSourcesBuildPhase section */
		114085508DE1684B97CA1AB3 /* Sources */ = {
			isa = PBXSourcesBuildPhase;
			buildActionMask = 2147483647;
			files = (
				00DF52A50452FAF496427FF6 /* APIClientTests.swift in Sources */,
				C54C9CB86E3162210979EA3B /* AttendanceFlowTests.swift in Sources */,
				8E88FC901803349F83B82BE8 /* AttendanceOptimisticTests.swift in Sources */,
				1352075BCDF0900698F46803 /* AuthStoreTests.swift in Sources */,
				F5E1755AA692AF9A96D7E756 /* CalendarEventDisplayTests.swift in Sources */,
				059C361742050BCF7E41487D /* CalendarLaneTests.swift in Sources */,
				A0F9E651930A9F16BBCB6775 /* CalendarRangeTests.swift in Sources */,
				F2D5C38F549D5C2F8AF57786 /* DTODecodingPhaseBTests.swift in Sources */,
				AC98C4C558FC0F147E83DC84 /* DTODecodingTests.swift in Sources */,
				DF1697585120FB001735A1EF /* DayConventionTests.swift in Sources */,
				C15B16D71977D8977BB8A540 /* DeepLinkTests.swift in Sources */,
				7C7F0ED27F2D3F53CF83E69C /* DesignTokenTests.swift in Sources */,
				3637FFE857C20EC106FD21B5 /* FriendLogicTests.swift in Sources */,
				7B3A7ED509FFFA20C89BC395 /* InvalidationMatrixPhaseDTests.swift in Sources */,
				8C14CAA2B35F52E8CF5A4670 /* KeychainStoreTests.swift in Sources */,
				E3CB22605BAC332E0061D5A8 /* MeetingExpansionTests.swift in Sources */,
				90FBDE3C626B66FD8A25887B /* NavigationTests.swift in Sources */,
				062B27EBBC96CD8BFBFCD115 /* PeriodGroupingTests.swift in Sources */,
				D4C571F308D7B1B06A41D7A9 /* QueryCacheTests.swift in Sources */,
				45D5DEF60B97B3563CD43587 /* RoomLogicTests.swift in Sources */,
				A84CAF37140527F110180739 /* SelfTimetableViewModelTests.swift in Sources */,
				EFEF94CCE4F87AB0FE161FA7 /* SemesterLogicTests.swift in Sources */,
				7EF23456F2A571F4ADD4CD0A /* SemesterOverviewDisplayLogicTests.swift in Sources */,
				A2692C86E6F4DD03DAE8694A /* SmokeTests.swift in Sources */,
				CB44666D5BEB206779AF0DB2 /* TimetableCoalesceTests.swift in Sources */,
				1D6A18D466B5E636AFE24FEA /* TodayViewModelTests.swift in Sources */,
			);
			runOnlyForDeploymentPostprocessing = 0;
		};
		173BBB8364F3EE9FDE0E4176 /* Sources */ = {
			isa = PBXSourcesBuildPhase;
			buildActionMask = 2147483647;
			files = (
				14C1E8A3B751C49F6A960089 /* ScreenshotFlow.swift in Sources */,
			);
			runOnlyForDeploymentPostprocessing = 0;
		};
		2C0FA117CA99B4FA9156AD10 /* Sources */ = {
			isa = PBXSourcesBuildPhase;
			buildActionMask = 2147483647;
			files = (
				4011A83AA4D28A04A75E4658 /* APIClient.swift in Sources */,
				6C3471B96A75ADD281B4A404 /* APIConfig.swift in Sources */,
				1DDB2EA96B77A08404F54F1E /* APIEndpoint.swift in Sources */,
				BFEB89A51524F2BB11F4BAB2 /* APIError.swift in Sources */,
				0327B5552B3DF4109E8EB577 /* AmbientBackground.swift in Sources */,
				000F8CAD1EC2675EC12494D4 /* AppEnvironment.swift in Sources */,
				B3DC1FDD195248BDD38DA196 /* AppRouter.swift in Sources */,
				1170BC5806249C189360EE02 /* AppleSignIn.swift in Sources */,
				EBD3C40773E42B8B40E95C55 /* AtenderApp.swift in Sources */,
				9378D7EDB212155A7DDE2102 /* AtenderButton.swift in Sources */,
				6167C1FAD84F9C73A39EDFCB /* AttendanceOptimistic.swift in Sources */,
				5FF857EB9DDB4D6822127119 /* AuthStore.swift in Sources */,
				4DEF4B3CFBE24A6B1DCFA412 /* AuthView.swift in Sources */,
				9AF365ABA2929AC866754E05 /* BackHeaderButton.swift in Sources */,
				104EF81AC69634762509A549 /* BottomSheet.swift in Sources */,
				F0E76D8B446B530F6D3B8F5D /* BottomTabBar.swift in Sources */,
				69E272A7AFE579D290A3A899 /* BulkAndPersonalEventSheets.swift in Sources */,
				C372DA5F44DDB6EBE867EAA2 /* Chip.swift in Sources */,
				0B756F4429C365FAEB55DD7D /* Color+Atender.swift in Sources */,
				78DB0C296292BC7D912F1E7C /* ConfirmDialog.swift in Sources */,
				C57E6CBB3196969BD8651852 /* CourseDetailModal.swift in Sources */,
				5B4BCCAD88D1DE38A65DCBCA /* CourseEditModal.swift in Sources */,
				55B69E4FA4C2677CC458833D /* CourseRepository.swift in Sources */,
				606CB85A1C5D5CFC8E3DD179 /* DTOs.swift in Sources */,
				7C5CEE8E866B2910F18399CF /* DayDetailSheet.swift in Sources */,
				FDB1EADF225E9214AC644840 /* DayRepository.swift in Sources */,
				CEA3498C501EFC0C4155AD22 /* DeepLink.swift in Sources */,
				EB1CE3F61F3612D24F67C1E3 /* EmptyState.swift in Sources */,
				227EC0C36771F226CBC0781B /* Enums.swift in Sources */,
				1E0E3994D678CE8A20825332 /* Error+UserFacing.swift in Sources */,
				5864A3E56C4C0413EF71E506 /* FriendLogic.swift in Sources */,
				25DBB4FEC9A94BA7889178FB /* FriendsView.swift in Sources */,
				6016D8FCE2A13296114D1420 /* FullScreenModal.swift in Sources */,
				36D5829C00E5AADD9C33E9FB /* GoogleSignIn.swift in Sources */,
				839023B01A0EA4EFD790BE40 /* HomeCore.swift in Sources */,
				6116A81611AE4DA1470B0E98 /* InvalidationMatrix.swift in Sources */,
				6FE20590EA8244E0360B3D3D /* KeychainStore.swift in Sources */,
				497D14F24D78FDD3F6A236C3 /* MainTabView.swift in Sources */,
				5844D43ABDB12070EC3C7F44 /* MeRepository.swift in Sources */,
				BCBB61BCDDB559C2FF383EC4 /* MeetingSheets.swift in Sources */,
				AEC97CB4A298C24184063293 /* OccurrenceRow.swift in Sources */,
				4D1C77785B340C94B8C93587 /* Panel.swift in Sources */,
				ECF0E5019F3AF4DA7ED767B1 /* PeriodChips.swift in Sources */,
				66BA8D5060242AD19D7D3350 /* PersonalCalendar.swift in Sources */,
				C6B1BFEC628E53E0F6FBC5C0 /* PlaceholderViews.swift in Sources */,
				333281021B97F75E0629EE33 /* Query.swift in Sources */,
				19321EF888648C2B5335CDDB /* QueryClient.swift in Sources */,
				A148A3DD04B91F51E7E0EEF5 /* QueryKey.swift in Sources */,
				115BC2E8919117232C10AC0D /* Radius.swift in Sources */,
				897440663AC664C81F3CAA71 /* Repositories.swift in Sources */,
				466D0D06EA9B7606C1FA963F /* RoomDetailView.swift in Sources */,
				7470BF6FE0DF72E444A01944 /* RoomLogic.swift in Sources */,
				6416BBF55930FFEE428F5373 /* RoomRepositories.swift in Sources */,
				93B84FC4ADFB84AB581F8FE8 /* RoomSheets.swift in Sources */,
				9739C040E531332734F800D8 /* RoomsView.swift in Sources */,
				63ACA7CFBFFAA79FF6344A1B /* RootView.swift in Sources */,
				554E63AA6D45F47AF543AC8B /* SelfTimetableView.swift in Sources */,
				D6E2BC23D4AD421BEA54093C /* SelfTodayCTA.swift in Sources */,
				F7100F06413272459F9A29BB /* SemesterLogic.swift in Sources */,
				27D181E7974734C4874532E2 /* SemesterOverviewComponents.swift in Sources */,
				191F2E8E6F8A1ADF1939AD7B /* SemesterOverviewView.swift in Sources */,
				D754F7A919785D96027BB033 /* SemesterOverviewViewModel.swift in Sources */,
				E83E817D2623AA87AE1E7F86 /* SettingsView.swift in Sources */,
				22249497BE34B2CD726120CA /* Shadow.swift in Sources */,
				91DE63AF45C218AAFD01608B /* Skeleton.swift in Sources */,
				ABB793E87169CA767848E883 /* Space.swift in Sources */,
				41BF1DE3AF3E400FAA3E362A /* StatusDot.swift in Sources */,
				B9A6B950C3EC361B5FA672CE /* TemplatesView.swift in Sources */,
				FF2AFC7E13A976FDEF9170F7 /* Theme.swift in Sources */,
				C49F25286B4E68BFD47D5925 /* TimetableGridPhaseB.swift in Sources */,
				6DC4A939B102A5A9FEF8F8B0 /* TimetableLogic.swift in Sources */,
				2E1CA7F94A79C8DD8684CFAF /* TimetableSettingsSheet.swift in Sources */,
				ADCEBFEC9B60D56B79B07C73 /* Toast.swift in Sources */,
				86FD7AA12BC2DC79CD71CFC4 /* TodayView.swift in Sources */,
				0447FD8D55E7B5ACCE53A3DA /* TodayViewModel.swift in Sources */,
				970ABFACBD8A3291947C313A /* Typography.swift in Sources */,
				A3B937473E036EA27CA620D0 /* View+Conditional.swift in Sources */,
			);
			runOnlyForDeploymentPostprocessing = 0;
		};
/* End PBXSourcesBuildPhase section */

/* Begin PBXTargetDependency section */
		4DE22A093E620146B8676738 /* PBXTargetDependency */ = {
			isa = PBXTargetDependency;
			target = 6ECD16E52BA6B8D5336086A6 /* Atender */;
			targetProxy = 1CB116D67B1571814EE1E9F1 /* PBXContainerItemProxy */;
		};
		A49A2E6BE6E07C6D89E9A621 /* PBXTargetDependency */ = {
			isa = PBXTargetDependency;
			target = 6ECD16E52BA6B8D5336086A6 /* Atender */;
			targetProxy = 043777DDEC78DFE5CAAAD243 /* PBXContainerItemProxy */;
		};
/* End PBXTargetDependency section */

/* Begin XCBuildConfiguration section */
		09BE55494D8C01D418111CC0 /* Release */ = {
			isa = XCBuildConfiguration;
			buildSettings = {
				BUNDLE_LOADER = "$(TEST_HOST)";
				GENERATE_INFOPLIST_FILE = YES;
				LD_RUNPATH_SEARCH_PATHS = (
					"$(inherited)",
					"@executable_path/Frameworks",
					"@loader_path/Frameworks",
				);
				PRODUCT_BUNDLE_IDENTIFIER = net.appily.AtenderTests;
				SDKROOT = iphoneos;
				TARGETED_DEVICE_FAMILY = 1;
				TEST_HOST = "$(BUILT_PRODUCTS_DIR)/Atender.app/Atender";
			};
			name = Release;
		};
		13DA9E3EFB47854146EB46B0 /* Release */ = {
			isa = XCBuildConfiguration;
			buildSettings = {
				ASSETCATALOG_COMPILER_APPICON_NAME = AppIcon;
				ASSETCATALOG_COMPILER_GLOBAL_ACCENT_COLOR_NAME = AccentColor;
				CODE_SIGN_ENTITLEMENTS = Atender/Atender.entitlements;
				CODE_SIGN_IDENTITY = "iPhone Developer";
				GENERATE_INFOPLIST_FILE = NO;
				INFOPLIST_FILE = Atender/Info.plist;
				LD_RUNPATH_SEARCH_PATHS = (
					"$(inherited)",
					"@executable_path/Frameworks",
				);
				PRODUCT_BUNDLE_IDENTIFIER = net.appily.atender;
				SDKROOT = iphoneos;
				TARGETED_DEVICE_FAMILY = 1;
			};
			name = Release;
		};
		1971F58B86F18A724690757A /* Release */ = {
			isa = XCBuildConfiguration;
			baseConfigurationReference = 445CD0394BFB8F40DCF79FF9 /* Release.xcconfig */;
			buildSettings = {
				ALWAYS_SEARCH_USER_PATHS = NO;
				CLANG_ANALYZER_NONNULL = YES;
				CLANG_ANALYZER_NUMBER_OBJECT_CONVERSION = YES_AGGRESSIVE;
				CLANG_CXX_LANGUAGE_STANDARD = "gnu++14";
				CLANG_CXX_LIBRARY = "libc++";
				CLANG_ENABLE_MODULES = YES;
				CLANG_ENABLE_OBJC_ARC = YES;
				CLANG_ENABLE_OBJC_WEAK = YES;
				CLANG_WARN_BLOCK_CAPTURE_AUTORELEASING = YES;
				CLANG_WARN_BOOL_CONVERSION = YES;
				CLANG_WARN_COMMA = YES;
				CLANG_WARN_CONSTANT_CONVERSION = YES;
				CLANG_WARN_DEPRECATED_OBJC_IMPLEMENTATIONS = YES;
				CLANG_WARN_DIRECT_OBJC_ISA_USAGE = YES_ERROR;
				CLANG_WARN_DOCUMENTATION_COMMENTS = YES;
				CLANG_WARN_EMPTY_BODY = YES;
				CLANG_WARN_ENUM_CONVERSION = YES;
				CLANG_WARN_INFINITE_RECURSION = YES;
				CLANG_WARN_INT_CONVERSION = YES;
				CLANG_WARN_NON_LITERAL_NULL_CONVERSION = YES;
				CLANG_WARN_OBJC_IMPLICIT_RETAIN_SELF = YES;
				CLANG_WARN_OBJC_LITERAL_CONVERSION = YES;
				CLANG_WARN_OBJC_ROOT_CLASS = YES_ERROR;
				CLANG_WARN_QUOTED_INCLUDE_IN_FRAMEWORK_HEADER = YES;
				CLANG_WARN_RANGE_LOOP_ANALYSIS = YES;
				CLANG_WARN_STRICT_PROTOTYPES = YES;
				CLANG_WARN_SUSPICIOUS_MOVE = YES;
				CLANG_WARN_UNGUARDED_AVAILABILITY = YES_AGGRESSIVE;
				CLANG_WARN_UNREACHABLE_CODE = YES;
				CLANG_WARN__DUPLICATE_METHOD_MATCH = YES;
				COPY_PHASE_STRIP = NO;
				DEBUG_INFORMATION_FORMAT = "dwarf-with-dsym";
				ENABLE_NS_ASSERTIONS = NO;
				ENABLE_STRICT_OBJC_MSGSEND = YES;
				GCC_C_LANGUAGE_STANDARD = gnu11;
				GCC_NO_COMMON_BLOCKS = YES;
				GCC_WARN_64_TO_32_BIT_CONVERSION = YES;
				GCC_WARN_ABOUT_RETURN_TYPE = YES_ERROR;
				GCC_WARN_UNDECLARED_SELECTOR = YES;
				GCC_WARN_UNINITIALIZED_AUTOS = YES_AGGRESSIVE;
				GCC_WARN_UNUSED_FUNCTION = YES;
				GCC_WARN_UNUSED_VARIABLE = YES;
				IPHONEOS_DEPLOYMENT_TARGET = 17.0;
				MTL_ENABLE_DEBUG_INFO = NO;
				MTL_FAST_MATH = YES;
				PRODUCT_NAME = "$(TARGET_NAME)";
				SDKROOT = iphoneos;
				SUPPORTED_PLATFORMS = "iphoneos iphonesimulator";
				SWIFT_COMPILATION_MODE = wholemodule;
				SWIFT_OPTIMIZATION_LEVEL = "-O";
				SWIFT_STRICT_CONCURRENCY = minimal;
				SWIFT_VERSION = 6.0;
				TARGETED_DEVICE_FAMILY = 1;
			};
			name = Release;
		};
		44E43834384D02E8EF7EC3DB /* Debug */ = {
			isa = XCBuildConfiguration;
			buildSettings = {
				ASSETCATALOG_COMPILER_APPICON_NAME = AppIcon;
				ASSETCATALOG_COMPILER_GLOBAL_ACCENT_COLOR_NAME = AccentColor;
				CODE_SIGN_ENTITLEMENTS = Atender/Atender.entitlements;
				CODE_SIGN_IDENTITY = "iPhone Developer";
				GENERATE_INFOPLIST_FILE = NO;
				INFOPLIST_FILE = Atender/Info.plist;
				LD_RUNPATH_SEARCH_PATHS = (
					"$(inherited)",
					"@executable_path/Frameworks",
				);
				PRODUCT_BUNDLE_IDENTIFIER = net.appily.atender;
				SDKROOT = iphoneos;
				TARGETED_DEVICE_FAMILY = 1;
			};
			name = Debug;
		};
		91E565A8B4CF505A29554280 /* Debug */ = {
			isa = XCBuildConfiguration;
			baseConfigurationReference = A2ABC351608AF95255690A65 /* Debug.xcconfig */;
			buildSettings = {
				ALWAYS_SEARCH_USER_PATHS = NO;
				CLANG_ANALYZER_NONNULL = YES;
				CLANG_ANALYZER_NUMBER_OBJECT_CONVERSION = YES_AGGRESSIVE;
				CLANG_CXX_LANGUAGE_STANDARD = "gnu++14";
				CLANG_CXX_LIBRARY = "libc++";
				CLANG_ENABLE_MODULES = YES;
				CLANG_ENABLE_OBJC_ARC = YES;
				CLANG_ENABLE_OBJC_WEAK = YES;
				CLANG_WARN_BLOCK_CAPTURE_AUTORELEASING = YES;
				CLANG_WARN_BOOL_CONVERSION = YES;
				CLANG_WARN_COMMA = YES;
				CLANG_WARN_CONSTANT_CONVERSION = YES;
				CLANG_WARN_DEPRECATED_OBJC_IMPLEMENTATIONS = YES;
				CLANG_WARN_DIRECT_OBJC_ISA_USAGE = YES_ERROR;
				CLANG_WARN_DOCUMENTATION_COMMENTS = YES;
				CLANG_WARN_EMPTY_BODY = YES;
				CLANG_WARN_ENUM_CONVERSION = YES;
				CLANG_WARN_INFINITE_RECURSION = YES;
				CLANG_WARN_INT_CONVERSION = YES;
				CLANG_WARN_NON_LITERAL_NULL_CONVERSION = YES;
				CLANG_WARN_OBJC_IMPLICIT_RETAIN_SELF = YES;
				CLANG_WARN_OBJC_LITERAL_CONVERSION = YES;
				CLANG_WARN_OBJC_ROOT_CLASS = YES_ERROR;
				CLANG_WARN_QUOTED_INCLUDE_IN_FRAMEWORK_HEADER = YES;
				CLANG_WARN_RANGE_LOOP_ANALYSIS = YES;
				CLANG_WARN_STRICT_PROTOTYPES = YES;
				CLANG_WARN_SUSPICIOUS_MOVE = YES;
				CLANG_WARN_UNGUARDED_AVAILABILITY = YES_AGGRESSIVE;
				CLANG_WARN_UNREACHABLE_CODE = YES;
				CLANG_WARN__DUPLICATE_METHOD_MATCH = YES;
				COPY_PHASE_STRIP = NO;
				DEBUG_INFORMATION_FORMAT = dwarf;
				ENABLE_STRICT_OBJC_MSGSEND = YES;
				ENABLE_TESTABILITY = YES;
				GCC_C_LANGUAGE_STANDARD = gnu11;
				GCC_DYNAMIC_NO_PIC = NO;
				GCC_NO_COMMON_BLOCKS = YES;
				GCC_OPTIMIZATION_LEVEL = 0;
				GCC_PREPROCESSOR_DEFINITIONS = (
					"$(inherited)",
					"DEBUG=1",
				);
				GCC_WARN_64_TO_32_BIT_CONVERSION = YES;
				GCC_WARN_ABOUT_RETURN_TYPE = YES_ERROR;
				GCC_WARN_UNDECLARED_SELECTOR = YES;
				GCC_WARN_UNINITIALIZED_AUTOS = YES_AGGRESSIVE;
				GCC_WARN_UNUSED_FUNCTION = YES;
				GCC_WARN_UNUSED_VARIABLE = YES;
				IPHONEOS_DEPLOYMENT_TARGET = 17.0;
				MTL_ENABLE_DEBUG_INFO = INCLUDE_SOURCE;
				MTL_FAST_MATH = YES;
				ONLY_ACTIVE_ARCH = YES;
				PRODUCT_NAME = "$(TARGET_NAME)";
				SDKROOT = iphoneos;
				SUPPORTED_PLATFORMS = "iphoneos iphonesimulator";
				SWIFT_ACTIVE_COMPILATION_CONDITIONS = DEBUG;
				SWIFT_OPTIMIZATION_LEVEL = "-Onone";
				SWIFT_STRICT_CONCURRENCY = minimal;
				SWIFT_VERSION = 6.0;
				TARGETED_DEVICE_FAMILY = 1;
			};
			name = Debug;
		};
		CA4262412A2E900E9D2FB8A7 /* Debug */ = {
			isa = XCBuildConfiguration;
			buildSettings = {
				BUNDLE_LOADER = "$(TEST_HOST)";
				GENERATE_INFOPLIST_FILE = YES;
				LD_RUNPATH_SEARCH_PATHS = (
					"$(inherited)",
					"@executable_path/Frameworks",
					"@loader_path/Frameworks",
				);
				PRODUCT_BUNDLE_IDENTIFIER = net.appily.AtenderUITests;
				SDKROOT = iphoneos;
				TARGETED_DEVICE_FAMILY = 1;
				TEST_TARGET_NAME = Atender;
			};
			name = Debug;
		};
		E6A9E727936FDC188ED5F5B2 /* Release */ = {
			isa = XCBuildConfiguration;
			buildSettings = {
				BUNDLE_LOADER = "$(TEST_HOST)";
				GENERATE_INFOPLIST_FILE = YES;
				LD_RUNPATH_SEARCH_PATHS = (
					"$(inherited)",
					"@executable_path/Frameworks",
					"@loader_path/Frameworks",
				);
				PRODUCT_BUNDLE_IDENTIFIER = net.appily.AtenderUITests;
				SDKROOT = iphoneos;
				TARGETED_DEVICE_FAMILY = 1;
				TEST_TARGET_NAME = Atender;
			};
			name = Release;
		};
		EED6B0245D28C45CAF07EF83 /* Debug */ = {
			isa = XCBuildConfiguration;
			buildSettings = {
				BUNDLE_LOADER = "$(TEST_HOST)";
				GENERATE_INFOPLIST_FILE = YES;
				LD_RUNPATH_SEARCH_PATHS = (
					"$(inherited)",
					"@executable_path/Frameworks",
					"@loader_path/Frameworks",
				);
				PRODUCT_BUNDLE_IDENTIFIER = net.appily.AtenderTests;
				SDKROOT = iphoneos;
				TARGETED_DEVICE_FAMILY = 1;
				TEST_HOST = "$(BUILT_PRODUCTS_DIR)/Atender.app/Atender";
			};
			name = Debug;
		};
/* End XCBuildConfiguration section */

/* Begin XCConfigurationList section */
		155DCDD14C469E4F03722DAC /* Build configuration list for PBXNativeTarget "AtenderUITests" */ = {
			isa = XCConfigurationList;
			buildConfigurations = (
				CA4262412A2E900E9D2FB8A7 /* Debug */,
				E6A9E727936FDC188ED5F5B2 /* Release */,
			);
			defaultConfigurationIsVisible = 0;
			defaultConfigurationName = Debug;
		};
		2BA78C99844447DEC8F00157 /* Build configuration list for PBXNativeTarget "Atender" */ = {
			isa = XCConfigurationList;
			buildConfigurations = (
				44E43834384D02E8EF7EC3DB /* Debug */,
				13DA9E3EFB47854146EB46B0 /* Release */,
			);
			defaultConfigurationIsVisible = 0;
			defaultConfigurationName = Debug;
		};
		6D20DDA90679B17E0B92A889 /* Build configuration list for PBXProject "Atender" */ = {
			isa = XCConfigurationList;
			buildConfigurations = (
				91E565A8B4CF505A29554280 /* Debug */,
				1971F58B86F18A724690757A /* Release */,
			);
			defaultConfigurationIsVisible = 0;
			defaultConfigurationName = Debug;
		};
		B08731DC28A6E5A38CCD9F30 /* Build configuration list for PBXNativeTarget "AtenderTests" */ = {
			isa = XCConfigurationList;
			buildConfigurations = (
				EED6B0245D28C45CAF07EF83 /* Debug */,
				09BE55494D8C01D418111CC0 /* Release */,
			);
			defaultConfigurationIsVisible = 0;
			defaultConfigurationName = Debug;
		};
/* End XCConfigurationList section */
	};
	rootObject = F73488109D3F7288A07C1286 /* Project object */;
}
