// !$*UTF8*$!
{
	archiveVersion = 1;
	classes = {
	};
	objectVersion = 77;
	objects = {

/* Begin PBXBuildFile section */
		63ACA7CFBFFAA79FF6344A1B /* RootView.swift in Sources */ = {isa = PBXBuildFile; fileRef = 2FCEC5BF722DA44ED1DEB05E /* RootView.swift */; };
		A2692C86E6F4DD03DAE8694A /* SmokeTests.swift in Sources */ = {isa = PBXBuildFile; fileRef = D1A3ABAEE5BF9ECC900F4899 /* SmokeTests.swift */; };
		C4001AF40AE6C017F7AAAAA9 /* Assets.xcassets in Resources */ = {isa = PBXBuildFile; fileRef = C51A60D13CCFB9AD0F2CAD82 /* Assets.xcassets */; };
		EBD3C40773E42B8B40E95C55 /* AtenderApp.swift in Sources */ = {isa = PBXBuildFile; fileRef = 32BCCF2DC4BA83E0E8030C7E /* AtenderApp.swift */; };
/* End PBXBuildFile section */

/* Begin PBXContainerItemProxy section */
		1CB116D67B1571814EE1E9F1 /* PBXContainerItemProxy */ = {
			isa = PBXContainerItemProxy;
			containerPortal = F73488109D3F7288A07C1286 /* Project object */;
			proxyType = 1;
			remoteGlobalIDString = 6ECD16E52BA6B8D5336086A6;
			remoteInfo = Atender;
		};
/* End PBXContainerItemProxy section */

/* Begin PBXFileReference section */
		17960E6CCBC01FE299C843E9 /* Info.plist */ = {isa = PBXFileReference; lastKnownFileType = text.plist; path = Info.plist; sourceTree = "<group>"; };
		2FCEC5BF722DA44ED1DEB05E /* RootView.swift */ = {isa = PBXFileReference; lastKnownFileType = sourcecode.swift; path = RootView.swift; sourceTree = "<group>"; };
		32BCCF2DC4BA83E0E8030C7E /* AtenderApp.swift */ = {isa = PBXFileReference; lastKnownFileType = sourcecode.swift; path = AtenderApp.swift; sourceTree = "<group>"; };
		445CD0394BFB8F40DCF79FF9 /* Release.xcconfig */ = {isa = PBXFileReference; lastKnownFileType = text.xcconfig; path = Release.xcconfig; sourceTree = "<group>"; };
		7E7434FA2C7C3262522C0019 /* AtenderTests.xctest */ = {isa = PBXFileReference; includeInIndex = 0; lastKnownFileType = wrapper.cfbundle; path = AtenderTests.xctest; sourceTree = BUILT_PRODUCTS_DIR; };
		A2ABC351608AF95255690A65 /* Debug.xcconfig */ = {isa = PBXFileReference; lastKnownFileType = text.xcconfig; path = Debug.xcconfig; sourceTree = "<group>"; };
		C51A60D13CCFB9AD0F2CAD82 /* Assets.xcassets */ = {isa = PBXFileReference; lastKnownFileType = folder.assetcatalog; path = Assets.xcassets; sourceTree = "<group>"; };
		D1A3ABAEE5BF9ECC900F4899 /* SmokeTests.swift */ = {isa = PBXFileReference; lastKnownFileType = sourcecode.swift; path = SmokeTests.swift; sourceTree = "<group>"; };
		D7ABD35D19F232BAC7E0281B /* Atender.app */ = {isa = PBXFileReference; includeInIndex = 0; lastKnownFileType = wrapper.application; path = Atender.app; sourceTree = BUILT_PRODUCTS_DIR; };
/* End PBXFileReference section */

/* Begin PBXGroup section */
		20CDEA81EB3A900D3A8FB475 /* Config */ = {
			isa = PBXGroup;
			children = (
				A2ABC351608AF95255690A65 /* Debug.xcconfig */,
				445CD0394BFB8F40DCF79FF9 /* Release.xcconfig */,
			);
			path = Config;
			sourceTree = "<group>";
		};
		5CBC80EF0D9B4443ED577743 /* AtenderTests */ = {
			isa = PBXGroup;
			children = (
				D1A3ABAEE5BF9ECC900F4899 /* SmokeTests.swift */,
			);
			path = AtenderTests;
			sourceTree = "<group>";
		};
		63D9A2BA5DE9E15325F04E21 /* Atender */ = {
			isa = PBXGroup;
			children = (
				C51A60D13CCFB9AD0F2CAD82 /* Assets.xcassets */,
				32BCCF2DC4BA83E0E8030C7E /* AtenderApp.swift */,
				17960E6CCBC01FE299C843E9 /* Info.plist */,
				B24F3E3CE29AB26E5D0CE2EF /* App */,
			);
			path = Atender;
			sourceTree = "<group>";
		};
		84507A8E735E61DE628021FC = {
			isa = PBXGroup;
			children = (
				63D9A2BA5DE9E15325F04E21 /* Atender */,
				5CBC80EF0D9B4443ED577743 /* AtenderTests */,
				20CDEA81EB3A900D3A8FB475 /* Config */,
				8E65962C86665D2A7E0C7B22 /* Products */,
			);
			sourceTree = "<group>";
		};
		8E65962C86665D2A7E0C7B22 /* Products */ = {
			isa = PBXGroup;
			children = (
				D7ABD35D19F232BAC7E0281B /* Atender.app */,
				7E7434FA2C7C3262522C0019 /* AtenderTests.xctest */,
			);
			name = Products;
			sourceTree = "<group>";
		};
		B24F3E3CE29AB26E5D0CE2EF /* App */ = {
			isa = PBXGroup;
			children = (
				2FCEC5BF722DA44ED1DEB05E /* RootView.swift */,
			);
			path = App;
			sourceTree = "<group>";
		};
/* End PBXGroup section */

/* Begin PBXNativeTarget section */
		34F33AAE366A098326F57DC0 /* AtenderTests */ = {
			isa = PBXNativeTarget;
			buildConfigurationList = B08731DC28A6E5A38CCD9F30 /* Build configuration list for PBXNativeTarget "AtenderTests" */;
			buildPhases = (
				114085508DE1684B97CA1AB3 /* Sources */,
			);
			buildRules = (
			);
			dependencies = (
				4DE22A093E620146B8676738 /* PBXTargetDependency */,
			);
			name = AtenderTests;
			packageProductDependencies = (
			);
			productName = AtenderTests;
			productReference = 7E7434FA2C7C3262522C0019 /* AtenderTests.xctest */;
			productType = "com.apple.product-type.bundle.unit-test";
		};
		6ECD16E52BA6B8D5336086A6 /* Atender */ = {
			isa = PBXNativeTarget;
			buildConfigurationList = 2BA78C99844447DEC8F00157 /* Build configuration list for PBXNativeTarget "Atender" */;
			buildPhases = (
				2C0FA117CA99B4FA9156AD10 /* Sources */,
				0769D8E376AB1C32EEB9E5A8 /* Resources */,
			);
			buildRules = (
			);
			dependencies = (
			);
			name = Atender;
			packageProductDependencies = (
			);
			productName = Atender;
			productReference = D7ABD35D19F232BAC7E0281B /* Atender.app */;
			productType = "com.apple.product-type.application";
		};
/* End PBXNativeTarget section */

/* Begin PBXProject section */
		F73488109D3F7288A07C1286 /* Project object */ = {
			isa = PBXProject;
			attributes = {
				BuildIndependentTargetsInParallel = YES;
				LastUpgradeCheck = 1430;
				TargetAttributes = {
				};
			};
			buildConfigurationList = 6D20DDA90679B17E0B92A889 /* Build configuration list for PBXProject "Atender" */;
			developmentRegion = en;
			hasScannedForEncodings = 0;
			knownRegions = (
				Base,
				en,
			);
			mainGroup = 84507A8E735E61DE628021FC;
			minimizedProjectReferenceProxies = 1;
			preferredProjectObjectVersion = 77;
			productRefGroup = 8E65962C86665D2A7E0C7B22 /* Products */;
			projectDirPath = "";
			projectRoot = "";
			targets = (
				6ECD16E52BA6B8D5336086A6 /* Atender */,
				34F33AAE366A098326F57DC0 /* AtenderTests */,
			);
		};
/* End PBXProject section */

/* Begin PBXResourcesBuildPhase section */
		0769D8E376AB1C32EEB9E5A8 /* Resources */ = {
			isa = PBXResourcesBuildPhase;
			buildActionMask = 2147483647;
			files = (
				C4001AF40AE6C017F7AAAAA9 /* Assets.xcassets in Resources */,
			);
			runOnlyForDeploymentPostprocessing = 0;
		};
/* End PBXResourcesBuildPhase section */

/* Begin PBXSourcesBuildPhase section */
		114085508DE1684B97CA1AB3 /* Sources */ = {
			isa = PBXSourcesBuildPhase;
			buildActionMask = 2147483647;
			files = (
				A2692C86E6F4DD03DAE8694A /* SmokeTests.swift in Sources */,
			);
			runOnlyForDeploymentPostprocessing = 0;
		};
		2C0FA117CA99B4FA9156AD10 /* Sources */ = {
			isa = PBXSourcesBuildPhase;
			buildActionMask = 2147483647;
			files = (
				EBD3C40773E42B8B40E95C55 /* AtenderApp.swift in Sources */,
				63ACA7CFBFFAA79FF6344A1B /* RootView.swift in Sources */,
			);
			runOnlyForDeploymentPostprocessing = 0;
		};
/* End PBXSourcesBuildPhase section */

/* Begin PBXTargetDependency section */
		4DE22A093E620146B8676738 /* PBXTargetDependency */ = {
			isa = PBXTargetDependency;
			target = 6ECD16E52BA6B8D5336086A6 /* Atender */;
			targetProxy = 1CB116D67B1571814EE1E9F1 /* PBXContainerItemProxy */;
		};
/* End PBXTargetDependency section */

/* Begin XCBuildConfiguration section */
		09BE55494D8C01D418111CC0 /* Release */ = {
			isa = XCBuildConfiguration;
			buildSettings = {
				BUNDLE_LOADER = "$(TEST_HOST)";
				GENERATE_INFOPLIST_FILE = YES;
				LD_RUNPATH_SEARCH_PATHS = (
					"$(inherited)",
					"@executable_path/Frameworks",
					"@loader_path/Frameworks",
				);
				PRODUCT_BUNDLE_IDENTIFIER = net.appily.AtenderTests;
				SDKROOT = iphoneos;
				TARGETED_DEVICE_FAMILY = 1;
				TEST_HOST = "$(BUILT_PRODUCTS_DIR)/Atender.app/Atender";
			};
			name = Release;
		};
		13DA9E3EFB47854146EB46B0 /* Release */ = {
			isa = XCBuildConfiguration;
			buildSettings = {
				ASSETCATALOG_COMPILER_APPICON_NAME = AppIcon;
				ASSETCATALOG_COMPILER_GLOBAL_ACCENT_COLOR_NAME = AccentColor;
				CODE_SIGN_IDENTITY = "iPhone Developer";
				GENERATE_INFOPLIST_FILE = NO;
				INFOPLIST_FILE = Atender/Info.plist;
				LD_RUNPATH_SEARCH_PATHS = (
					"$(inherited)",
					"@executable_path/Frameworks",
				);
				PRODUCT_BUNDLE_IDENTIFIER = net.appily.atender;
				SDKROOT = iphoneos;
				TARGETED_DEVICE_FAMILY = 1;
			};
			name = Release;
		};
		1971F58B86F18A724690757A /* Release */ = {
			isa = XCBuildConfiguration;
			baseConfigurationReference = 445CD0394BFB8F40DCF79FF9 /* Release.xcconfig */;
			buildSettings = {
				ALWAYS_SEARCH_USER_PATHS = NO;
				CLANG_ANALYZER_NONNULL = YES;
				CLANG_ANALYZER_NUMBER_OBJECT_CONVERSION = YES_AGGRESSIVE;
				CLANG_CXX_LANGUAGE_STANDARD = "gnu++14";
				CLANG_CXX_LIBRARY = "libc++";
				CLANG_ENABLE_MODULES = YES;
				CLANG_ENABLE_OBJC_ARC = YES;
				CLANG_ENABLE_OBJC_WEAK = YES;
				CLANG_WARN_BLOCK_CAPTURE_AUTORELEASING = YES;
				CLANG_WARN_BOOL_CONVERSION = YES;
				CLANG_WARN_COMMA = YES;
				CLANG_WARN_CONSTANT_CONVERSION = YES;
				CLANG_WARN_DEPRECATED_OBJC_IMPLEMENTATIONS = YES;
				CLANG_WARN_DIRECT_OBJC_ISA_USAGE = YES_ERROR;
				CLANG_WARN_DOCUMENTATION_COMMENTS = YES;
				CLANG_WARN_EMPTY_BODY = YES;
				CLANG_WARN_ENUM_CONVERSION = YES;
				CLANG_WARN_INFINITE_RECURSION = YES;
				CLANG_WARN_INT_CONVERSION = YES;
				CLANG_WARN_NON_LITERAL_NULL_CONVERSION = YES;
				CLANG_WARN_OBJC_IMPLICIT_RETAIN_SELF = YES;
				CLANG_WARN_OBJC_LITERAL_CONVERSION = YES;
				CLANG_WARN_OBJC_ROOT_CLASS = YES_ERROR;
				CLANG_WARN_QUOTED_INCLUDE_IN_FRAMEWORK_HEADER = YES;
				CLANG_WARN_RANGE_LOOP_ANALYSIS = YES;
				CLANG_WARN_STRICT_PROTOTYPES = YES;
				CLANG_WARN_SUSPICIOUS_MOVE = YES;
				CLANG_WARN_UNGUARDED_AVAILABILITY = YES_AGGRESSIVE;
				CLANG_WARN_UNREACHABLE_CODE = YES;
				CLANG_WARN__DUPLICATE_METHOD_MATCH = YES;
				COPY_PHASE_STRIP = NO;
				DEBUG_INFORMATION_FORMAT = "dwarf-with-dsym";
				ENABLE_NS_ASSERTIONS = NO;
				ENABLE_STRICT_OBJC_MSGSEND = YES;
				GCC_C_LANGUAGE_STANDARD = gnu11;
				GCC_NO_COMMON_BLOCKS = YES;
				GCC_WARN_64_TO_32_BIT_CONVERSION = YES;
				GCC_WARN_ABOUT_RETURN_TYPE = YES_ERROR;
				GCC_WARN_UNDECLARED_SELECTOR = YES;
				GCC_WARN_UNINITIALIZED_AUTOS = YES_AGGRESSIVE;
				GCC_WARN_UNUSED_FUNCTION = YES;
				GCC_WARN_UNUSED_VARIABLE = YES;
				IPHONEOS_DEPLOYMENT_TARGET = 17.0;
				MTL_ENABLE_DEBUG_INFO = NO;
				MTL_FAST_MATH = YES;
				PRODUCT_NAME = "$(TARGET_NAME)";
				SDKROOT = iphoneos;
				SUPPORTED_PLATFORMS = "iphoneos iphonesimulator";
				SWIFT_COMPILATION_MODE = wholemodule;
				SWIFT_OPTIMIZATION_LEVEL = "-O";
				SWIFT_STRICT_CONCURRENCY = minimal;
				SWIFT_VERSION = 6.0;
				TARGETED_DEVICE_FAMILY = 1;
			};
			name = Release;
		};
		44E43834384D02E8EF7EC3DB /* Debug */ = {
			isa = XCBuildConfiguration;
			buildSettings = {
				ASSETCATALOG_COMPILER_APPICON_NAME = AppIcon;
				ASSETCATALOG_COMPILER_GLOBAL_ACCENT_COLOR_NAME = AccentColor;
				CODE_SIGN_IDENTITY = "iPhone Developer";
				GENERATE_INFOPLIST_FILE = NO;
				INFOPLIST_FILE = Atender/Info.plist;
				LD_RUNPATH_SEARCH_PATHS = (
					"$(inherited)",
					"@executable_path/Frameworks",
				);
				PRODUCT_BUNDLE_IDENTIFIER = net.appily.atender;
				SDKROOT = iphoneos;
				TARGETED_DEVICE_FAMILY = 1;
			};
			name = Debug;
		};
		91E565A8B4CF505A29554280 /* Debug */ = {
			isa = XCBuildConfiguration;
			baseConfigurationReference = A2ABC351608AF95255690A65 /* Debug.xcconfig */;
			buildSettings = {
				ALWAYS_SEARCH_USER_PATHS = NO;
				CLANG_ANALYZER_NONNULL = YES;
				CLANG_ANALYZER_NUMBER_OBJECT_CONVERSION = YES_AGGRESSIVE;
				CLANG_CXX_LANGUAGE_STANDARD = "gnu++14";
				CLANG_CXX_LIBRARY = "libc++";
				CLANG_ENABLE_MODULES = YES;
				CLANG_ENABLE_OBJC_ARC = YES;
				CLANG_ENABLE_OBJC_WEAK = YES;
				CLANG_WARN_BLOCK_CAPTURE_AUTORELEASING = YES;
				CLANG_WARN_BOOL_CONVERSION = YES;
				CLANG_WARN_COMMA = YES;
				CLANG_WARN_CONSTANT_CONVERSION = YES;
				CLANG_WARN_DEPRECATED_OBJC_IMPLEMENTATIONS = YES;
				CLANG_WARN_DIRECT_OBJC_ISA_USAGE = YES_ERROR;
				CLANG_WARN_DOCUMENTATION_COMMENTS = YES;
				CLANG_WARN_EMPTY_BODY = YES;
				CLANG_WARN_ENUM_CONVERSION = YES;
				CLANG_WARN_INFINITE_RECURSION = YES;
				CLANG_WARN_INT_CONVERSION = YES;
				CLANG_WARN_NON_LITERAL_NULL_CONVERSION = YES;
				CLANG_WARN_OBJC_IMPLICIT_RETAIN_SELF = YES;
				CLANG_WARN_OBJC_LITERAL_CONVERSION = YES;
				CLANG_WARN_OBJC_ROOT_CLASS = YES_ERROR;
				CLANG_WARN_QUOTED_INCLUDE_IN_FRAMEWORK_HEADER = YES;
				CLANG_WARN_RANGE_LOOP_ANALYSIS = YES;
				CLANG_WARN_STRICT_PROTOTYPES = YES;
				CLANG_WARN_SUSPICIOUS_MOVE = YES;
				CLANG_WARN_UNGUARDED_AVAILABILITY = YES_AGGRESSIVE;
				CLANG_WARN_UNREACHABLE_CODE = YES;
				CLANG_WARN__DUPLICATE_METHOD_MATCH = YES;
				COPY_PHASE_STRIP = NO;
				DEBUG_INFORMATION_FORMAT = dwarf;
				ENABLE_STRICT_OBJC_MSGSEND = YES;
				ENABLE_TESTABILITY = YES;
				GCC_C_LANGUAGE_STANDARD = gnu11;
				GCC_DYNAMIC_NO_PIC = NO;
				GCC_NO_COMMON_BLOCKS = YES;
				GCC_OPTIMIZATION_LEVEL = 0;
				GCC_PREPROCESSOR_DEFINITIONS = (
					"$(inherited)",
					"DEBUG=1",
				);
				GCC_WARN_64_TO_32_BIT_CONVERSION = YES;
				GCC_WARN_ABOUT_RETURN_TYPE = YES_ERROR;
				GCC_WARN_UNDECLARED_SELECTOR = YES;
				GCC_WARN_UNINITIALIZED_AUTOS = YES_AGGRESSIVE;
				GCC_WARN_UNUSED_FUNCTION = YES;
				GCC_WARN_UNUSED_VARIABLE = YES;
				IPHONEOS_DEPLOYMENT_TARGET = 17.0;
				MTL_ENABLE_DEBUG_INFO = INCLUDE_SOURCE;
				MTL_FAST_MATH = YES;
				ONLY_ACTIVE_ARCH = YES;
				PRODUCT_NAME = "$(TARGET_NAME)";
				SDKROOT = iphoneos;
				SUPPORTED_PLATFORMS = "iphoneos iphonesimulator";
				SWIFT_ACTIVE_COMPILATION_CONDITIONS = DEBUG;
				SWIFT_OPTIMIZATION_LEVEL = "-Onone";
				SWIFT_STRICT_CONCURRENCY = minimal;
				SWIFT_VERSION = 6.0;
				TARGETED_DEVICE_FAMILY = 1;
			};
			name = Debug;
		};
		EED6B0245D28C45CAF07EF83 /* Debug */ = {
			isa = XCBuildConfiguration;
			buildSettings = {
				BUNDLE_LOADER = "$(TEST_HOST)";
				GENERATE_INFOPLIST_FILE = YES;
				LD_RUNPATH_SEARCH_PATHS = (
					"$(inherited)",
					"@executable_path/Frameworks",
					"@loader_path/Frameworks",
				);
				PRODUCT_BUNDLE_IDENTIFIER = net.appily.AtenderTests;
				SDKROOT = iphoneos;
				TARGETED_DEVICE_FAMILY = 1;
				TEST_HOST = "$(BUILT_PRODUCTS_DIR)/Atender.app/Atender";
			};
			name = Debug;
		};
/* End XCBuildConfiguration section */

/* Begin XCConfigurationList section */
		2BA78C99844447DEC8F00157 /* Build configuration list for PBXNativeTarget "Atender" */ = {
			isa = XCConfigurationList;
			buildConfigurations = (
				44E43834384D02E8EF7EC3DB /* Debug */,
				13DA9E3EFB47854146EB46B0 /* Release */,
			);
			defaultConfigurationIsVisible = 0;
			defaultConfigurationName = Debug;
		};
		6D20DDA90679B17E0B92A889 /* Build configuration list for PBXProject "Atender" */ = {
			isa = XCConfigurationList;
			buildConfigurations = (
				91E565A8B4CF505A29554280 /* Debug */,
				1971F58B86F18A724690757A /* Release */,
			);
			defaultConfigurationIsVisible = 0;
			defaultConfigurationName = Debug;
		};
		B08731DC28A6E5A38CCD9F30 /* Build configuration list for PBXNativeTarget "AtenderTests" */ = {
			isa = XCConfigurationList;
			buildConfigurations = (
				EED6B0245D28C45CAF07EF83 /* Debug */,
				09BE55494D8C01D418111CC0 /* Release */,
			);
			defaultConfigurationIsVisible = 0;
			defaultConfigurationName = Debug;
		};
/* End XCConfigurationList section */
	};
	rootObject = F73488109D3F7288A07C1286 /* Project object */;
}
